
Microsoft Visual Studio Solution File, Format Version 12.00
# Visual Studio 15
VisualStudioVersion = 15.0.27703.2000
MinimumVisualStudioVersion = 10.0.40219.1
Project("{FAE04EC0-301F-11D3-BF4B-00C04F79EFBC}") = "Chatanator.Droid", "Chatanator\Chatanator.Android\Chatanator.Droid.csproj", "{9C085F1A-984D-492C-A8FA-F2E818062733}"
EndProject
Project("{FAE04EC0-301F-11D3-BF4B-00C04F79EFBC}") = "Chatanator.iOS", "Chatanator\Chatanator.iOS\Chatanator.iOS.csproj", "{41CEF2BE-E81F-4145-9547-58150F0ABA61}"
EndProject
Project("{FAE04EC0-301F-11D3-BF4B-00C04F79EFBC}") = "Chatanator.UWP", "Chatanator\Chatanator.UWP\Chatanator.UWP.csproj", "{509FA502-2250-48FF-87C8-7D6E1B818B77}"
EndProject
Project("{9A19103F-16F7-4668-BE54-9A1E7A4F7556}") = "Chatanator.UI", "Chatanator\Chatanator\Chatanator.UI.csproj", "{E815D9CE-940D-49D3-B516-5EBB0A64ADB4}"
EndProject
Project("{9A19103F-16F7-4668-BE54-9A1E7A4F7556}") = "Chatanator.Core", "Chatanator.Core\Chatanator.Core.csproj", "{D0E3D5D9-6CE0-4878-998E-600B27F34D39}"
EndProject
Project("{2150E333-8FDC-42A3-9474-1A3956D46DE8}") = "Plugins", "Plugins", "{F266FEC5-73FB-4813-A581-BEFD7D07D03B}"
EndProject
Project("{2150E333-8FDC-42A3-9474-1A3956D46DE8}") = "LocalStorage", "LocalStorage", "{151FEDEC-7CDE-4695-AAA0-704A0EA847FF}"
EndProject
Project("{9A19103F-16F7-4668-BE54-9A1E7A4F7556}") = "PE.Plugins.LocalStorage", "Plugins\LocalStorage\PE.Plugins.LocalStorage\PE.Plugins.LocalStorage.csproj", "{BA57AD1D-3645-4017-AEDC-65D3B0F346A6}"
EndProject
Project("{FAE04EC0-301F-11D3-BF4B-00C04F79EFBC}") = "PE.Plugins.LocalStorage.Droid", "Plugins\LocalStorage\PE.Plugins.LocalStorage.Droid\PE.Plugins.LocalStorage.Droid.csproj", "{BCAD3A40-E518-4808-9569-2C2A5E33287B}"
EndProject
Project("{FAE04EC0-301F-11D3-BF4B-00C04F79EFBC}") = "PE.Plugins.LocalStorage.iOS", "Plugins\LocalStorage\PE.Plugins.LocalStorage.iOS\PE.Plugins.LocalStorage.iOS.csproj", "{30AB6758-2338-4312-8BD6-6EC3F4158189}"
EndProject
Project("{FAE04EC0-301F-11D3-BF4B-00C04F79EFBC}") = "PE.Plugins.LocalStorage.WindowsCommon", "Plugins\LocalStorage\PE.Plugins.LocalStorage.WindowsCommon\PE.Plugins.LocalStorage.WindowsCommon.csproj", "{6F91FF6A-3831-458D-BA4B-A88A7E9086FB}"
EndProject
Project("{2150E333-8FDC-42A3-9474-1A3956D46DE8}") = "Framework", "Framework", "{65E1AB2C-AC7A-4C56-9595-6C517449C470}"
EndProject
Project("{9A19103F-16F7-4668-BE54-9A1E7A4F7556}") = "PE.Framework", "Framework\PE.Framework\PE.Framework.csproj", "{1061C09F-6CAE-4B10-BC15-F029287EE4D0}"
EndProject
Project("{2150E333-8FDC-42A3-9474-1A3956D46DE8}") = "Validation", "Validation", "{10B5E196-5514-49D6-BDD3-E8FED33141F5}"
EndProject
Project("{9A19103F-16F7-4668-BE54-9A1E7A4F7556}") = "PE.Plugins.Validation", "Plugins\Validation\PE.Plugins.Validation\PE.Plugins.Validation.csproj", "{16D42164-0C03-4741-8750-688FE7436730}"
EndProject
Project("{2150E333-8FDC-42A3-9474-1A3956D46DE8}") = "Dialogs", "Dialogs", "{DDD007AD-BD52-457F-ADA2-7235D36408D9}"
EndProject
Project("{9A19103F-16F7-4668-BE54-9A1E7A4F7556}") = "PE.Plugins.Dialogs", "Plugins\Dialogs\PE.Plugins.Dialogs\PE.Plugins.Dialogs.csproj", "{A2FD65CC-63C5-4C37-A309-B6F2E4E3D823}"
EndProject
Project("{FAE04EC0-301F-11D3-BF4B-00C04F79EFBC}") = "PE.Plugins.Dialogs.Droid", "Plugins\Dialogs\PE.Plugins.Dialogs.Droid\PE.Plugins.Dialogs.Droid.csproj", "{F53FA71D-97DF-46DC-B8E1-865B22D65437}"
EndProject
Project("{FAE04EC0-301F-11D3-BF4B-00C04F79EFBC}") = "PE.Plugins.Dialogs.iOS", "Plugins\Dialogs\PE.Plugins.Dialogs.iOS\PE.Plugins.Dialogs.iOS.csproj", "{8A73352A-558A-4B45-8CD3-BAC0A4D8524E}"
EndProject
Project("{FAE04EC0-301F-11D3-BF4B-00C04F79EFBC}") = "PE.Plugins.Dialogs.WindowsCommon", "Plugins\Dialogs\PE.Plugins.Dialogs.WindowsCommon\PE.Plugins.Dialogs.WindowsCommon.csproj", "{2E86BF09-DE2F-4B0B-B63D-1670042A4F7A}"
EndProject
Project("{FAE04EC0-301F-11D3-BF4B-00C04F79EFBC}") = "PE.Framework.Droid", "Framework\PE.Framework.Droid\PE.Framework.Droid.csproj", "{F9242228-D574-4FF1-8D4F-714C84154102}"
EndProject
Global
	GlobalSection(SolutionConfigurationPlatforms) = preSolution
		Ad-Hoc|Any CPU = Ad-Hoc|Any CPU
		Ad-Hoc|ARM = Ad-Hoc|ARM
		Ad-Hoc|iPhone = Ad-Hoc|iPhone
		Ad-Hoc|iPhoneSimulator = Ad-Hoc|iPhoneSimulator
		Ad-Hoc|x64 = Ad-Hoc|x64
		Ad-Hoc|x86 = Ad-Hoc|x86
		AppStore|Any CPU = AppStore|Any CPU
		AppStore|ARM = AppStore|ARM
		AppStore|iPhone = AppStore|iPhone
		AppStore|iPhoneSimulator = AppStore|iPhoneSimulator
		AppStore|x64 = AppStore|x64
		AppStore|x86 = AppStore|x86
		Debug|Any CPU = Debug|Any CPU
		Debug|ARM = Debug|ARM
		Debug|iPhone = Debug|iPhone
		Debug|iPhoneSimulator = Debug|iPhoneSimulator
		Debug|x64 = Debug|x64
		Debug|x86 = Debug|x86
		Release|Any CPU = Release|Any CPU
		Release|ARM = Release|ARM
		Release|iPhone = Release|iPhone
		Release|iPhoneSimulator = Release|iPhoneSimulator
		Release|x64 = Release|x64
		Release|x86 = Release|x86
	EndGlobalSection
	GlobalSection(ProjectConfigurationPlatforms) = postSolution
		{9C085F1A-984D-492C-A8FA-F2E818062733}.Ad-Hoc|Any CPU.ActiveCfg = Release|Any CPU
		{9C085F1A-984D-492C-A8FA-F2E818062733}.Ad-Hoc|Any CPU.Build.0 = Release|Any CPU
		{9C085F1A-984D-492C-A8FA-F2E818062733}.Ad-Hoc|Any CPU.Deploy.0 = Release|Any CPU
		{9C085F1A-984D-492C-A8FA-F2E818062733}.Ad-Hoc|ARM.ActiveCfg = Release|Any CPU
		{9C085F1A-984D-492C-A8FA-F2E818062733}.Ad-Hoc|ARM.Build.0 = Release|Any CPU
		{9C085F1A-984D-492C-A8FA-F2E818062733}.Ad-Hoc|ARM.Deploy.0 = Release|Any CPU
		{9C085F1A-984D-492C-A8FA-F2E818062733}.Ad-Hoc|iPhone.ActiveCfg = Release|Any CPU
		{9C085F1A-984D-492C-A8FA-F2E818062733}.Ad-Hoc|iPhone.Build.0 = Release|Any CPU
		{9C085F1A-984D-492C-A8FA-F2E818062733}.Ad-Hoc|iPhone.Deploy.0 = Release|Any CPU
		{9C085F1A-984D-492C-A8FA-F2E818062733}.Ad-Hoc|iPhoneSimulator.ActiveCfg = Release|Any CPU
		{9C085F1A-984D-492C-A8FA-F2E818062733}.Ad-Hoc|iPhoneSimulator.Build.0 = Release|Any CPU
		{9C085F1A-984D-492C-A8FA-F2E818062733}.Ad-Hoc|iPhoneSimulator.Deploy.0 = Release|Any CPU
		{9C085F1A-984D-492C-A8FA-F2E818062733}.Ad-Hoc|x64.ActiveCfg = Release|Any CPU
		{9C085F1A-984D-492C-A8FA-F2E818062733}.Ad-Hoc|x64.Build.0 = Release|Any CPU
		{9C085F1A-984D-492C-A8FA-F2E818062733}.Ad-Hoc|x64.Deploy.0 = Release|Any CPU
		{9C085F1A-984D-492C-A8FA-F2E818062733}.Ad-Hoc|x86.ActiveCfg = Release|Any CPU
		{9C085F1A-984D-492C-A8FA-F2E818062733}.Ad-Hoc|x86.Build.0 = Release|Any CPU
		{9C085F1A-984D-492C-A8FA-F2E818062733}.Ad-Hoc|x86.Deploy.0 = Release|Any CPU
		{9C085F1A-984D-492C-A8FA-F2E818062733}.AppStore|Any CPU.ActiveCfg = Release|Any CPU
		{9C085F1A-984D-492C-A8FA-F2E818062733}.AppStore|Any CPU.Build.0 = Release|Any CPU
		{9C085F1A-984D-492C-A8FA-F2E818062733}.AppStore|Any CPU.Deploy.0 = Release|Any CPU
		{9C085F1A-984D-492C-A8FA-F2E818062733}.AppStore|ARM.ActiveCfg = Release|Any CPU
		{9C085F1A-984D-492C-A8FA-F2E818062733}.AppStore|ARM.Build.0 = Release|Any CPU
		{9C085F1A-984D-492C-A8FA-F2E818062733}.AppStore|ARM.Deploy.0 = Release|Any CPU
		{9C085F1A-984D-492C-A8FA-F2E818062733}.AppStore|iPhone.ActiveCfg = Release|Any CPU
		{9C085F1A-984D-492C-A8FA-F2E818062733}.AppStore|iPhone.Build.0 = Release|Any CPU
		{9C085F1A-984D-492C-A8FA-F2E818062733}.AppStore|iPhone.Deploy.0 = Release|Any CPU
		{9C085F1A-984D-492C-A8FA-F2E818062733}.AppStore|iPhoneSimulator.ActiveCfg = Release|Any CPU
		{9C085F1A-984D-492C-A8FA-F2E818062733}.AppStore|iPhoneSimulator.Build.0 = Release|Any CPU
		{9C085F1A-984D-492C-A8FA-F2E818062733}.AppStore|iPhoneSimulator.Deploy.0 = Release|Any CPU
		{9C085F1A-984D-492C-A8FA-F2E818062733}.AppStore|x64.ActiveCfg = Release|Any CPU
		{9C085F1A-984D-492C-A8FA-F2E818062733}.AppStore|x64.Build.0 = Release|Any CPU
		{9C085F1A-984D-492C-A8FA-F2E818062733}.AppStore|x64.Deploy.0 = Release|Any CPU
		{9C085F1A-984D-492C-A8FA-F2E818062733}.AppStore|x86.ActiveCfg = Release|Any CPU
		{9C085F1A-984D-492C-A8FA-F2E818062733}.AppStore|x86.Build.0 = Release|Any CPU
		{9C085F1A-984D-492C-A8FA-F2E818062733}.AppStore|x86.Deploy.0 = Release|Any CPU
		{9C085F1A-984D-492C-A8FA-F2E818062733}.Debug|Any CPU.ActiveCfg = Debug|Any CPU
		{9C085F1A-984D-492C-A8FA-F2E818062733}.Debug|Any CPU.Build.0 = Debug|Any CPU
		{9C085F1A-984D-492C-A8FA-F2E818062733}.Debug|Any CPU.Deploy.0 = Debug|Any CPU
		{9C085F1A-984D-492C-A8FA-F2E818062733}.Debug|ARM.ActiveCfg = Debug|Any CPU
		{9C085F1A-984D-492C-A8FA-F2E818062733}.Debug|ARM.Build.0 = Debug|Any CPU
		{9C085F1A-984D-492C-A8FA-F2E818062733}.Debug|ARM.Deploy.0 = Debug|Any CPU
		{9C085F1A-984D-492C-A8FA-F2E818062733}.Debug|iPhone.ActiveCfg = Debug|Any CPU
		{9C085F1A-984D-492C-A8FA-F2E818062733}.Debug|iPhone.Build.0 = Debug|Any CPU
		{9C085F1A-984D-492C-A8FA-F2E818062733}.Debug|iPhone.Deploy.0 = Debug|Any CPU
		{9C085F1A-984D-492C-A8FA-F2E818062733}.Debug|iPhoneSimulator.ActiveCfg = Debug|Any CPU
		{9C085F1A-984D-492C-A8FA-F2E818062733}.Debug|iPhoneSimulator.Build.0 = Debug|Any CPU
		{9C085F1A-984D-492C-A8FA-F2E818062733}.Debug|iPhoneSimulator.Deploy.0 = Debug|Any CPU
		{9C085F1A-984D-492C-A8FA-F2E818062733}.Debug|x64.ActiveCfg = Debug|Any CPU
		{9C085F1A-984D-492C-A8FA-F2E818062733}.Debug|x64.Build.0 = Debug|Any CPU
		{9C085F1A-984D-492C-A8FA-F2E818062733}.Debug|x64.Deploy.0 = Debug|Any CPU
		{9C085F1A-984D-492C-A8FA-F2E818062733}.Debug|x86.ActiveCfg = Debug|Any CPU
		{9C085F1A-984D-492C-A8FA-F2E818062733}.Debug|x86.Build.0 = Debug|Any CPU
		{9C085F1A-984D-492C-A8FA-F2E818062733}.Debug|x86.Deploy.0 = Debug|Any CPU
		{9C085F1A-984D-492C-A8FA-F2E818062733}.Release|Any CPU.ActiveCfg = Release|Any CPU
		{9C085F1A-984D-492C-A8FA-F2E818062733}.Release|Any CPU.Build.0 = Release|Any CPU
		{9C085F1A-984D-492C-A8FA-F2E818062733}.Release|Any CPU.Deploy.0 = Release|Any CPU
		{9C085F1A-984D-492C-A8FA-F2E818062733}.Release|ARM.ActiveCfg = Release|Any CPU
		{9C085F1A-984D-492C-A8FA-F2E818062733}.Release|ARM.Build.0 = Release|Any CPU
		{9C085F1A-984D-492C-A8FA-F2E818062733}.Release|ARM.Deploy.0 = Release|Any CPU
		{9C085F1A-984D-492C-A8FA-F2E818062733}.Release|iPhone.ActiveCfg = Release|Any CPU
		{9C085F1A-984D-492C-A8FA-F2E818062733}.Release|iPhone.Build.0 = Release|Any CPU
		{9C085F1A-984D-492C-A8FA-F2E818062733}.Release|iPhone.Deploy.0 = Release|Any CPU
		{9C085F1A-984D-492C-A8FA-F2E818062733}.Release|iPhoneSimulator.ActiveCfg = Release|Any CPU
		{9C085F1A-984D-492C-A8FA-F2E818062733}.Release|iPhoneSimulator.Build.0 = Release|Any CPU
		{9C085F1A-984D-492C-A8FA-F2E818062733}.Release|iPhoneSimulator.Deploy.0 = Release|Any CPU
		{9C085F1A-984D-492C-A8FA-F2E818062733}.Release|x64.ActiveCfg = Release|Any CPU
		{9C085F1A-984D-492C-A8FA-F2E818062733}.Release|x64.Build.0 = Release|Any CPU
		{9C085F1A-984D-492C-A8FA-F2E818062733}.Release|x64.Deploy.0 = Release|Any CPU
		{9C085F1A-984D-492C-A8FA-F2E818062733}.Release|x86.ActiveCfg = Release|Any CPU
		{9C085F1A-984D-492C-A8FA-F2E818062733}.Release|x86.Build.0 = Release|Any CPU
		{9C085F1A-984D-492C-A8FA-F2E818062733}.Release|x86.Deploy.0 = Release|Any CPU
		{41CEF2BE-E81F-4145-9547-58150F0ABA61}.Ad-Hoc|Any CPU.ActiveCfg = Ad-Hoc|iPhone
		{41CEF2BE-E81F-4145-9547-58150F0ABA61}.Ad-Hoc|Any CPU.Build.0 = Ad-Hoc|iPhone
		{41CEF2BE-E81F-4145-9547-58150F0ABA61}.Ad-Hoc|Any CPU.Deploy.0 = Ad-Hoc|iPhone
		{41CEF2BE-E81F-4145-9547-58150F0ABA61}.Ad-Hoc|ARM.ActiveCfg = Ad-Hoc|iPhone
		{41CEF2BE-E81F-4145-9547-58150F0ABA61}.Ad-Hoc|ARM.Build.0 = Ad-Hoc|iPhone
		{41CEF2BE-E81F-4145-9547-58150F0ABA61}.Ad-Hoc|ARM.Deploy.0 = Ad-Hoc|iPhone
		{41CEF2BE-E81F-4145-9547-58150F0ABA61}.Ad-Hoc|iPhone.ActiveCfg = Ad-Hoc|iPhone
		{41CEF2BE-E81F-4145-9547-58150F0ABA61}.Ad-Hoc|iPhone.Build.0 = Ad-Hoc|iPhone
		{41CEF2BE-E81F-4145-9547-58150F0ABA61}.Ad-Hoc|iPhone.Deploy.0 = Ad-Hoc|iPhone
		{41CEF2BE-E81F-4145-9547-58150F0ABA61}.Ad-Hoc|iPhoneSimulator.ActiveCfg = Ad-Hoc|iPhoneSimulator
		{41CEF2BE-E81F-4145-9547-58150F0ABA61}.Ad-Hoc|iPhoneSimulator.Build.0 = Ad-Hoc|iPhoneSimulator
		{41CEF2BE-E81F-4145-9547-58150F0ABA61}.Ad-Hoc|iPhoneSimulator.Deploy.0 = Ad-Hoc|iPhoneSimulator
		{41CEF2BE-E81F-4145-9547-58150F0ABA61}.Ad-Hoc|x64.ActiveCfg = Ad-Hoc|iPhone
		{41CEF2BE-E81F-4145-9547-58150F0ABA61}.Ad-Hoc|x64.Build.0 = Ad-Hoc|iPhone
		{41CEF2BE-E81F-4145-9547-58150F0ABA61}.Ad-Hoc|x64.Deploy.0 = Ad-Hoc|iPhone
		{41CEF2BE-E81F-4145-9547-58150F0ABA61}.Ad-Hoc|x86.ActiveCfg = Ad-Hoc|iPhone
		{41CEF2BE-E81F-4145-9547-58150F0ABA61}.Ad-Hoc|x86.Build.0 = Ad-Hoc|iPhone
		{41CEF2BE-E81F-4145-9547-58150F0ABA61}.Ad-Hoc|x86.Deploy.0 = Ad-Hoc|iPhone
		{41CEF2BE-E81F-4145-9547-58150F0ABA61}.AppStore|Any CPU.ActiveCfg = AppStore|iPhone
		{41CEF2BE-E81F-4145-9547-58150F0ABA61}.AppStore|Any CPU.Build.0 = AppStore|iPhone
		{41CEF2BE-E81F-4145-9547-58150F0ABA61}.AppStore|Any CPU.Deploy.0 = AppStore|iPhone
		{41CEF2BE-E81F-4145-9547-58150F0ABA61}.AppStore|ARM.ActiveCfg = AppStore|iPhone
		{41CEF2BE-E81F-4145-9547-58150F0ABA61}.AppStore|ARM.Build.0 = AppStore|iPhone
		{41CEF2BE-E81F-4145-9547-58150F0ABA61}.AppStore|ARM.Deploy.0 = AppStore|iPhone
		{41CEF2BE-E81F-4145-9547-58150F0ABA61}.AppStore|iPhone.ActiveCfg = AppStore|iPhone
		{41CEF2BE-E81F-4145-9547-58150F0ABA61}.AppStore|iPhone.Build.0 = AppStore|iPhone
		{41CEF2BE-E81F-4145-9547-58150F0ABA61}.AppStore|iPhone.Deploy.0 = AppStore|iPhone
		{41CEF2BE-E81F-4145-9547-58150F0ABA61}.AppStore|iPhoneSimulator.ActiveCfg = AppStore|iPhoneSimulator
		{41CEF2BE-E81F-4145-9547-58150F0ABA61}.AppStore|iPhoneSimulator.Build.0 = AppStore|iPhoneSimulator
		{41CEF2BE-E81F-4145-9547-58150F0ABA61}.AppStore|iPhoneSimulator.Deploy.0 = AppStore|iPhoneSimulator
		{41CEF2BE-E81F-4145-9547-58150F0ABA61}.AppStore|x64.ActiveCfg = AppStore|iPhone
		{41CEF2BE-E81F-4145-9547-58150F0ABA61}.AppStore|x64.Build.0 = AppStore|iPhone
		{41CEF2BE-E81F-4145-9547-58150F0ABA61}.AppStore|x64.Deploy.0 = AppStore|iPhone
		{41CEF2BE-E81F-4145-9547-58150F0ABA61}.AppStore|x86.ActiveCfg = AppStore|iPhone
		{41CEF2BE-E81F-4145-9547-58150F0ABA61}.AppStore|x86.Build.0 = AppStore|iPhone
		{41CEF2BE-E81F-4145-9547-58150F0ABA61}.AppStore|x86.Deploy.0 = AppStore|iPhone
		{41CEF2BE-E81F-4145-9547-58150F0ABA61}.Debug|Any CPU.ActiveCfg = Debug|iPhoneSimulator
		{41CEF2BE-E81F-4145-9547-58150F0ABA61}.Debug|Any CPU.Build.0 = Debug|iPhoneSimulator
		{41CEF2BE-E81F-4145-9547-58150F0ABA61}.Debug|Any CPU.Deploy.0 = Debug|iPhoneSimulator
		{41CEF2BE-E81F-4145-9547-58150F0ABA61}.Debug|ARM.ActiveCfg = Debug|iPhone
		{41CEF2BE-E81F-4145-9547-58150F0ABA61}.Debug|ARM.Build.0 = Debug|iPhone
		{41CEF2BE-E81F-4145-9547-58150F0ABA61}.Debug|ARM.Deploy.0 = Debug|iPhone
		{41CEF2BE-E81F-4145-9547-58150F0ABA61}.Debug|iPhone.ActiveCfg = Debug|iPhone
		{41CEF2BE-E81F-4145-9547-58150F0ABA61}.Debug|iPhone.Build.0 = Debug|iPhone
		{41CEF2BE-E81F-4145-9547-58150F0ABA61}.Debug|iPhone.Deploy.0 = Debug|iPhone
		{41CEF2BE-E81F-4145-9547-58150F0ABA61}.Debug|iPhoneSimulator.ActiveCfg = Debug|iPhoneSimulator
		{41CEF2BE-E81F-4145-9547-58150F0ABA61}.Debug|iPhoneSimulator.Build.0 = Debug|iPhoneSimulator
		{41CEF2BE-E81F-4145-9547-58150F0ABA61}.Debug|iPhoneSimulator.Deploy.0 = Debug|iPhoneSimulator
		{41CEF2BE-E81F-4145-9547-58150F0ABA61}.Debug|x64.ActiveCfg = Debug|iPhone
		{41CEF2BE-E81F-4145-9547-58150F0ABA61}.Debug|x64.Build.0 = Debug|iPhone
		{41CEF2BE-E81F-4145-9547-58150F0ABA61}.Debug|x64.Deploy.0 = Debug|iPhone
		{41CEF2BE-E81F-4145-9547-58150F0ABA61}.Debug|x86.ActiveCfg = Debug|iPhone
		{41CEF2BE-E81F-4145-9547-58150F0ABA61}.Debug|x86.Build.0 = Debug|iPhone
		{41CEF2BE-E81F-4145-9547-58150F0ABA61}.Debug|x86.Deploy.0 = Debug|iPhone
		{41CEF2BE-E81F-4145-9547-58150F0ABA61}.Release|Any CPU.ActiveCfg = Release|iPhone
		{41CEF2BE-E81F-4145-9547-58150F0ABA61}.Release|Any CPU.Build.0 = Release|iPhone
		{41CEF2BE-E81F-4145-9547-58150F0ABA61}.Release|Any CPU.Deploy.0 = Release|iPhone
		{41CEF2BE-E81F-4145-9547-58150F0ABA61}.Release|ARM.ActiveCfg = Release|iPhone
		{41CEF2BE-E81F-4145-9547-58150F0ABA61}.Release|ARM.Build.0 = Release|iPhone
		{41CEF2BE-E81F-4145-9547-58150F0ABA61}.Release|ARM.Deploy.0 = Release|iPhone
		{41CEF2BE-E81F-4145-9547-58150F0ABA61}.Release|iPhone.ActiveCfg = Release|iPhone
		{41CEF2BE-E81F-4145-9547-58150F0ABA61}.Release|iPhone.Build.0 = Release|iPhone
		{41CEF2BE-E81F-4145-9547-58150F0ABA61}.Release|iPhone.Deploy.0 = Release|iPhone
		{41CEF2BE-E81F-4145-9547-58150F0ABA61}.Release|iPhoneSimulator.ActiveCfg = Release|iPhoneSimulator
		{41CEF2BE-E81F-4145-9547-58150F0ABA61}.Release|iPhoneSimulator.Build.0 = Release|iPhoneSimulator
		{41CEF2BE-E81F-4145-9547-58150F0ABA61}.Release|iPhoneSimulator.Deploy.0 = Release|iPhoneSimulator
		{41CEF2BE-E81F-4145-9547-58150F0ABA61}.Release|x64.ActiveCfg = Release|iPhone
		{41CEF2BE-E81F-4145-9547-58150F0ABA61}.Release|x64.Build.0 = Release|iPhone
		{41CEF2BE-E81F-4145-9547-58150F0ABA61}.Release|x64.Deploy.0 = Release|iPhone
		{41CEF2BE-E81F-4145-9547-58150F0ABA61}.Release|x86.ActiveCfg = Release|iPhone
		{41CEF2BE-E81F-4145-9547-58150F0ABA61}.Release|x86.Build.0 = Release|iPhone
		{41CEF2BE-E81F-4145-9547-58150F0ABA61}.Release|x86.Deploy.0 = Release|iPhone
		{509FA502-2250-48FF-87C8-7D6E1B818B77}.Ad-Hoc|Any CPU.ActiveCfg = Release|x86
		{509FA502-2250-48FF-87C8-7D6E1B818B77}.Ad-Hoc|Any CPU.Build.0 = Release|x86
		{509FA502-2250-48FF-87C8-7D6E1B818B77}.Ad-Hoc|Any CPU.Deploy.0 = Release|x86
		{509FA502-2250-48FF-87C8-7D6E1B818B77}.Ad-Hoc|ARM.ActiveCfg = Release|ARM
		{509FA502-2250-48FF-87C8-7D6E1B818B77}.Ad-Hoc|ARM.Build.0 = Release|ARM
		{509FA502-2250-48FF-87C8-7D6E1B818B77}.Ad-Hoc|ARM.Deploy.0 = Release|ARM
		{509FA502-2250-48FF-87C8-7D6E1B818B77}.Ad-Hoc|iPhone.ActiveCfg = Release|x86
		{509FA502-2250-48FF-87C8-7D6E1B818B77}.Ad-Hoc|iPhone.Build.0 = Release|x86
		{509FA502-2250-48FF-87C8-7D6E1B818B77}.Ad-Hoc|iPhone.Deploy.0 = Release|x86
		{509FA502-2250-48FF-87C8-7D6E1B818B77}.Ad-Hoc|iPhoneSimulator.ActiveCfg = Release|x86
		{509FA502-2250-48FF-87C8-7D6E1B818B77}.Ad-Hoc|iPhoneSimulator.Build.0 = Release|x86
		{509FA502-2250-48FF-87C8-7D6E1B818B77}.Ad-Hoc|iPhoneSimulator.Deploy.0 = Release|x86
		{509FA502-2250-48FF-87C8-7D6E1B818B77}.Ad-Hoc|x64.ActiveCfg = Release|x64
		{509FA502-2250-48FF-87C8-7D6E1B818B77}.Ad-Hoc|x64.Build.0 = Release|x64
		{509FA502-2250-48FF-87C8-7D6E1B818B77}.Ad-Hoc|x64.Deploy.0 = Release|x64
		{509FA502-2250-48FF-87C8-7D6E1B818B77}.Ad-Hoc|x86.ActiveCfg = Release|x86
		{509FA502-2250-48FF-87C8-7D6E1B818B77}.Ad-Hoc|x86.Build.0 = Release|x86
		{509FA502-2250-48FF-87C8-7D6E1B818B77}.Ad-Hoc|x86.Deploy.0 = Release|x86
		{509FA502-2250-48FF-87C8-7D6E1B818B77}.AppStore|Any CPU.ActiveCfg = Release|x86
		{509FA502-2250-48FF-87C8-7D6E1B818B77}.AppStore|Any CPU.Build.0 = Release|x86
		{509FA502-2250-48FF-87C8-7D6E1B818B77}.AppStore|Any CPU.Deploy.0 = Release|x86
		{509FA502-2250-48FF-87C8-7D6E1B818B77}.AppStore|ARM.ActiveCfg = Release|ARM
		{509FA502-2250-48FF-87C8-7D6E1B818B77}.AppStore|ARM.Build.0 = Release|ARM
		{509FA502-2250-48FF-87C8-7D6E1B818B77}.AppStore|ARM.Deploy.0 = Release|ARM
		{509FA502-2250-48FF-87C8-7D6E1B818B77}.AppStore|iPhone.ActiveCfg = Release|x86
		{509FA502-2250-48FF-87C8-7D6E1B818B77}.AppStore|iPhone.Build.0 = Release|x86
		{509FA502-2250-48FF-87C8-7D6E1B818B77}.AppStore|iPhone.Deploy.0 = Release|x86
		{509FA502-2250-48FF-87C8-7D6E1B818B77}.AppStore|iPhoneSimulator.ActiveCfg = Release|x86
		{509FA502-2250-48FF-87C8-7D6E1B818B77}.AppStore|iPhoneSimulator.Build.0 = Release|x86
		{509FA502-2250-48FF-87C8-7D6E1B818B77}.AppStore|iPhoneSimulator.Deploy.0 = Release|x86
		{509FA502-2250-48FF-87C8-7D6E1B818B77}.AppStore|x64.ActiveCfg = Release|x64
		{509FA502-2250-48FF-87C8-7D6E1B818B77}.AppStore|x64.Build.0 = Release|x64
		{509FA502-2250-48FF-87C8-7D6E1B818B77}.AppStore|x64.Deploy.0 = Release|x64
		{509FA502-2250-48FF-87C8-7D6E1B818B77}.AppStore|x86.ActiveCfg = Release|x86
		{509FA502-2250-48FF-87C8-7D6E1B818B77}.AppStore|x86.Build.0 = Release|x86
		{509FA502-2250-48FF-87C8-7D6E1B818B77}.AppStore|x86.Deploy.0 = Release|x86
		{509FA502-2250-48FF-87C8-7D6E1B818B77}.Debug|Any CPU.ActiveCfg = Debug|x86
		{509FA502-2250-48FF-87C8-7D6E1B818B77}.Debug|Any CPU.Build.0 = Debug|x86
		{509FA502-2250-48FF-87C8-7D6E1B818B77}.Debug|Any CPU.Deploy.0 = Debug|x86
		{509FA502-2250-48FF-87C8-7D6E1B818B77}.Debug|ARM.ActiveCfg = Debug|ARM
		{509FA502-2250-48FF-87C8-7D6E1B818B77}.Debug|ARM.Build.0 = Debug|ARM
		{509FA502-2250-48FF-87C8-7D6E1B818B77}.Debug|ARM.Deploy.0 = Debug|ARM
		{509FA502-2250-48FF-87C8-7D6E1B818B77}.Debug|iPhone.ActiveCfg = Debug|x86
		{509FA502-2250-48FF-87C8-7D6E1B818B77}.Debug|iPhone.Build.0 = Debug|x86
		{509FA502-2250-48FF-87C8-7D6E1B818B77}.Debug|iPhone.Deploy.0 = Debug|x86
		{509FA502-2250-48FF-87C8-7D6E1B818B77}.Debug|iPhoneSimulator.ActiveCfg = Debug|x86
		{509FA502-2250-48FF-87C8-7D6E1B818B77}.Debug|iPhoneSimulator.Build.0 = Debug|x86
		{509FA502-2250-48FF-87C8-7D6E1B818B77}.Debug|iPhoneSimulator.Deploy.0 = Debug|x86
		{509FA502-2250-48FF-87C8-7D6E1B818B77}.Debug|x64.ActiveCfg = Debug|x64
		{509FA502-2250-48FF-87C8-7D6E1B818B77}.Debug|x64.Build.0 = Debug|x64
		{509FA502-2250-48FF-87C8-7D6E1B818B77}.Debug|x64.Deploy.0 = Debug|x64
		{509FA502-2250-48FF-87C8-7D6E1B818B77}.Debug|x86.ActiveCfg = Debug|x86
		{509FA502-2250-48FF-87C8-7D6E1B818B77}.Debug|x86.Build.0 = Debug|x86
		{509FA502-2250-48FF-87C8-7D6E1B818B77}.Debug|x86.Deploy.0 = Debug|x86
		{509FA502-2250-48FF-87C8-7D6E1B818B77}.Release|Any CPU.ActiveCfg = Release|x86
		{509FA502-2250-48FF-87C8-7D6E1B818B77}.Release|Any CPU.Build.0 = Release|x86
		{509FA502-2250-48FF-87C8-7D6E1B818B77}.Release|Any CPU.Deploy.0 = Release|x86
		{509FA502-2250-48FF-87C8-7D6E1B818B77}.Release|ARM.ActiveCfg = Release|ARM
		{509FA502-2250-48FF-87C8-7D6E1B818B77}.Release|ARM.Build.0 = Release|ARM
		{509FA502-2250-48FF-87C8-7D6E1B818B77}.Release|ARM.Deploy.0 = Release|ARM
		{509FA502-2250-48FF-87C8-7D6E1B818B77}.Release|iPhone.ActiveCfg = Release|x86
		{509FA502-2250-48FF-87C8-7D6E1B818B77}.Release|iPhone.Build.0 = Release|x86
		{509FA502-2250-48FF-87C8-7D6E1B818B77}.Release|iPhone.Deploy.0 = Release|x86
		{509FA502-2250-48FF-87C8-7D6E1B818B77}.Release|iPhoneSimulator.ActiveCfg = Release|x86
		{509FA502-2250-48FF-87C8-7D6E1B818B77}.Release|iPhoneSimulator.Build.0 = Release|x86
		{509FA502-2250-48FF-87C8-7D6E1B818B77}.Release|iPhoneSimulator.Deploy.0 = Release|x86
		{509FA502-2250-48FF-87C8-7D6E1B818B77}.Release|x64.ActiveCfg = Release|x64
		{509FA502-2250-48FF-87C8-7D6E1B818B77}.Release|x64.Build.0 = Release|x64
		{509FA502-2250-48FF-87C8-7D6E1B818B77}.Release|x64.Deploy.0 = Release|x64
		{509FA502-2250-48FF-87C8-7D6E1B818B77}.Release|x86.ActiveCfg = Release|x86
		{509FA502-2250-48FF-87C8-7D6E1B818B77}.Release|x86.Build.0 = Release|x86
		{509FA502-2250-48FF-87C8-7D6E1B818B77}.Release|x86.Deploy.0 = Release|x86
		{E815D9CE-940D-49D3-B516-5EBB0A64ADB4}.Ad-Hoc|Any CPU.ActiveCfg = Debug|Any CPU
		{E815D9CE-940D-49D3-B516-5EBB0A64ADB4}.Ad-Hoc|Any CPU.Build.0 = Debug|Any CPU
		{E815D9CE-940D-49D3-B516-5EBB0A64ADB4}.Ad-Hoc|Any CPU.Deploy.0 = Debug|Any CPU
		{E815D9CE-940D-49D3-B516-5EBB0A64ADB4}.Ad-Hoc|ARM.ActiveCfg = Debug|Any CPU
		{E815D9CE-940D-49D3-B516-5EBB0A64ADB4}.Ad-Hoc|ARM.Build.0 = Debug|Any CPU
		{E815D9CE-940D-49D3-B516-5EBB0A64ADB4}.Ad-Hoc|ARM.Deploy.0 = Debug|Any CPU
		{E815D9CE-940D-49D3-B516-5EBB0A64ADB4}.Ad-Hoc|iPhone.ActiveCfg = Debug|Any CPU
		{E815D9CE-940D-49D3-B516-5EBB0A64ADB4}.Ad-Hoc|iPhone.Build.0 = Debug|Any CPU
		{E815D9CE-940D-49D3-B516-5EBB0A64ADB4}.Ad-Hoc|iPhone.Deploy.0 = Debug|Any CPU
		{E815D9CE-940D-49D3-B516-5EBB0A64ADB4}.Ad-Hoc|iPhoneSimulator.ActiveCfg = Debug|Any CPU
		{E815D9CE-940D-49D3-B516-5EBB0A64ADB4}.Ad-Hoc|iPhoneSimulator.Build.0 = Debug|Any CPU
		{E815D9CE-940D-49D3-B516-5EBB0A64ADB4}.Ad-Hoc|iPhoneSimulator.Deploy.0 = Debug|Any CPU
		{E815D9CE-940D-49D3-B516-5EBB0A64ADB4}.Ad-Hoc|x64.ActiveCfg = Debug|Any CPU
		{E815D9CE-940D-49D3-B516-5EBB0A64ADB4}.Ad-Hoc|x64.Build.0 = Debug|Any CPU
		{E815D9CE-940D-49D3-B516-5EBB0A64ADB4}.Ad-Hoc|x64.Deploy.0 = Debug|Any CPU
		{E815D9CE-940D-49D3-B516-5EBB0A64ADB4}.Ad-Hoc|x86.ActiveCfg = Debug|Any CPU
		{E815D9CE-940D-49D3-B516-5EBB0A64ADB4}.Ad-Hoc|x86.Build.0 = Debug|Any CPU
		{E815D9CE-940D-49D3-B516-5EBB0A64ADB4}.Ad-Hoc|x86.Deploy.0 = Debug|Any CPU
		{E815D9CE-940D-49D3-B516-5EBB0A64ADB4}.AppStore|Any CPU.ActiveCfg = Debug|Any CPU
		{E815D9CE-940D-49D3-B516-5EBB0A64ADB4}.AppStore|Any CPU.Build.0 = Debug|Any CPU
		{E815D9CE-940D-49D3-B516-5EBB0A64ADB4}.AppStore|Any CPU.Deploy.0 = Debug|Any CPU
		{E815D9CE-940D-49D3-B516-5EBB0A64ADB4}.AppStore|ARM.ActiveCfg = Debug|Any CPU
		{E815D9CE-940D-49D3-B516-5EBB0A64ADB4}.AppStore|ARM.Build.0 = Debug|Any CPU
		{E815D9CE-940D-49D3-B516-5EBB0A64ADB4}.AppStore|ARM.Deploy.0 = Debug|Any CPU
		{E815D9CE-940D-49D3-B516-5EBB0A64ADB4}.AppStore|iPhone.ActiveCfg = Debug|Any CPU
		{E815D9CE-940D-49D3-B516-5EBB0A64ADB4}.AppStore|iPhone.Build.0 = Debug|Any CPU
		{E815D9CE-940D-49D3-B516-5EBB0A64ADB4}.AppStore|iPhone.Deploy.0 = Debug|Any CPU
		{E815D9CE-940D-49D3-B516-5EBB0A64ADB4}.AppStore|iPhoneSimulator.ActiveCfg = Debug|Any CPU
		{E815D9CE-940D-49D3-B516-5EBB0A64ADB4}.AppStore|iPhoneSimulator.Build.0 = Debug|Any CPU
		{E815D9CE-940D-49D3-B516-5EBB0A64ADB4}.AppStore|iPhoneSimulator.Deploy.0 = Debug|Any CPU
		{E815D9CE-940D-49D3-B516-5EBB0A64ADB4}.AppStore|x64.ActiveCfg = Debug|Any CPU
		{E815D9CE-940D-49D3-B516-5EBB0A64ADB4}.AppStore|x64.Build.0 = Debug|Any CPU
		{E815D9CE-940D-49D3-B516-5EBB0A64ADB4}.AppStore|x64.Deploy.0 = Debug|Any CPU
		{E815D9CE-940D-49D3-B516-5EBB0A64ADB4}.AppStore|x86.ActiveCfg = Debug|Any CPU
		{E815D9CE-940D-49D3-B516-5EBB0A64ADB4}.AppStore|x86.Build.0 = Debug|Any CPU
		{E815D9CE-940D-49D3-B516-5EBB0A64ADB4}.AppStore|x86.Deploy.0 = Debug|Any CPU
		{E815D9CE-940D-49D3-B516-5EBB0A64ADB4}.Debug|Any CPU.ActiveCfg = Debug|Any CPU
		{E815D9CE-940D-49D3-B516-5EBB0A64ADB4}.Debug|Any CPU.Build.0 = Debug|Any CPU
		{E815D9CE-940D-49D3-B516-5EBB0A64ADB4}.Debug|Any CPU.Deploy.0 = Debug|Any CPU
		{E815D9CE-940D-49D3-B516-5EBB0A64ADB4}.Debug|ARM.ActiveCfg = Debug|Any CPU
		{E815D9CE-940D-49D3-B516-5EBB0A64ADB4}.Debug|ARM.Build.0 = Debug|Any CPU
		{E815D9CE-940D-49D3-B516-5EBB0A64ADB4}.Debug|ARM.Deploy.0 = Debug|Any CPU
		{E815D9CE-940D-49D3-B516-5EBB0A64ADB4}.Debug|iPhone.ActiveCfg = Debug|Any CPU
		{E815D9CE-940D-49D3-B516-5EBB0A64ADB4}.Debug|iPhone.Build.0 = Debug|Any CPU
		{E815D9CE-940D-49D3-B516-5EBB0A64ADB4}.Debug|iPhone.Deploy.0 = Debug|Any CPU
		{E815D9CE-940D-49D3-B516-5EBB0A64ADB4}.Debug|iPhoneSimulator.ActiveCfg = Debug|Any CPU
		{E815D9CE-940D-49D3-B516-5EBB0A64ADB4}.Debug|iPhoneSimulator.Build.0 = Debug|Any CPU
		{E815D9CE-940D-49D3-B516-5EBB0A64ADB4}.Debug|iPhoneSimulator.Deploy.0 = Debug|Any CPU
		{E815D9CE-940D-49D3-B516-5EBB0A64ADB4}.Debug|x64.ActiveCfg = Debug|Any CPU
		{E815D9CE-940D-49D3-B516-5EBB0A64ADB4}.Debug|x64.Build.0 = Debug|Any CPU
		{E815D9CE-940D-49D3-B516-5EBB0A64ADB4}.Debug|x64.Deploy.0 = Debug|Any CPU
		{E815D9CE-940D-49D3-B516-5EBB0A64ADB4}.Debug|x86.ActiveCfg = Debug|Any CPU
		{E815D9CE-940D-49D3-B516-5EBB0A64ADB4}.Debug|x86.Build.0 = Debug|Any CPU
		{E815D9CE-940D-49D3-B516-5EBB0A64ADB4}.Debug|x86.Deploy.0 = Debug|Any CPU
		{E815D9CE-940D-49D3-B516-5EBB0A64ADB4}.Release|Any CPU.ActiveCfg = Release|Any CPU
		{E815D9CE-940D-49D3-B516-5EBB0A64ADB4}.Release|Any CPU.Build.0 = Release|Any CPU
		{E815D9CE-940D-49D3-B516-5EBB0A64ADB4}.Release|Any CPU.Deploy.0 = Release|Any CPU
		{E815D9CE-940D-49D3-B516-5EBB0A64ADB4}.Release|ARM.ActiveCfg = Release|Any CPU
		{E815D9CE-940D-49D3-B516-5EBB0A64ADB4}.Release|ARM.Build.0 = Release|Any CPU
		{E815D9CE-940D-49D3-B516-5EBB0A64ADB4}.Release|ARM.Deploy.0 = Release|Any CPU
		{E815D9CE-940D-49D3-B516-5EBB0A64ADB4}.Release|iPhone.ActiveCfg = Release|Any CPU
		{E815D9CE-940D-49D3-B516-5EBB0A64ADB4}.Release|iPhone.Build.0 = Release|Any CPU
		{E815D9CE-940D-49D3-B516-5EBB0A64ADB4}.Release|iPhone.Deploy.0 = Release|Any CPU
		{E815D9CE-940D-49D3-B516-5EBB0A64ADB4}.Release|iPhoneSimulator.ActiveCfg = Release|Any CPU
		{E815D9CE-940D-49D3-B516-5EBB0A64ADB4}.Release|iPhoneSimulator.Build.0 = Release|Any CPU
		{E815D9CE-940D-49D3-B516-5EBB0A64ADB4}.Release|iPhoneSimulator.Deploy.0 = Release|Any CPU
		{E815D9CE-940D-49D3-B516-5EBB0A64ADB4}.Release|x64.ActiveCfg = Release|Any CPU
		{E815D9CE-940D-49D3-B516-5EBB0A64ADB4}.Release|x64.Build.0 = Release|Any CPU
		{E815D9CE-940D-49D3-B516-5EBB0A64ADB4}.Release|x64.Deploy.0 = Release|Any CPU
		{E815D9CE-940D-49D3-B516-5EBB0A64ADB4}.Release|x86.ActiveCfg = Release|Any CPU
		{E815D9CE-940D-49D3-B516-5EBB0A64ADB4}.Release|x86.Build.0 = Release|Any CPU
		{E815D9CE-940D-49D3-B516-5EBB0A64ADB4}.Release|x86.Deploy.0 = Release|Any CPU
		{D0E3D5D9-6CE0-4878-998E-600B27F34D39}.Ad-Hoc|Any CPU.ActiveCfg = Debug|Any CPU
		{D0E3D5D9-6CE0-4878-998E-600B27F34D39}.Ad-Hoc|Any CPU.Build.0 = Debug|Any CPU
		{D0E3D5D9-6CE0-4878-998E-600B27F34D39}.Ad-Hoc|ARM.ActiveCfg = Debug|Any CPU
		{D0E3D5D9-6CE0-4878-998E-600B27F34D39}.Ad-Hoc|ARM.Build.0 = Debug|Any CPU
		{D0E3D5D9-6CE0-4878-998E-600B27F34D39}.Ad-Hoc|iPhone.ActiveCfg = Debug|Any CPU
		{D0E3D5D9-6CE0-4878-998E-600B27F34D39}.Ad-Hoc|iPhone.Build.0 = Debug|Any CPU
		{D0E3D5D9-6CE0-4878-998E-600B27F34D39}.Ad-Hoc|iPhoneSimulator.ActiveCfg = Debug|Any CPU
		{D0E3D5D9-6CE0-4878-998E-600B27F34D39}.Ad-Hoc|iPhoneSimulator.Build.0 = Debug|Any CPU
		{D0E3D5D9-6CE0-4878-998E-600B27F34D39}.Ad-Hoc|x64.ActiveCfg = Debug|Any CPU
		{D0E3D5D9-6CE0-4878-998E-600B27F34D39}.Ad-Hoc|x64.Build.0 = Debug|Any CPU
		{D0E3D5D9-6CE0-4878-998E-600B27F34D39}.Ad-Hoc|x86.ActiveCfg = Debug|Any CPU
		{D0E3D5D9-6CE0-4878-998E-600B27F34D39}.Ad-Hoc|x86.Build.0 = Debug|Any CPU
		{D0E3D5D9-6CE0-4878-998E-600B27F34D39}.AppStore|Any CPU.ActiveCfg = Debug|Any CPU
		{D0E3D5D9-6CE0-4878-998E-600B27F34D39}.AppStore|Any CPU.Build.0 = Debug|Any CPU
		{D0E3D5D9-6CE0-4878-998E-600B27F34D39}.AppStore|ARM.ActiveCfg = Debug|Any CPU
		{D0E3D5D9-6CE0-4878-998E-600B27F34D39}.AppStore|ARM.Build.0 = Debug|Any CPU
		{D0E3D5D9-6CE0-4878-998E-600B27F34D39}.AppStore|iPhone.ActiveCfg = Debug|Any CPU
		{D0E3D5D9-6CE0-4878-998E-600B27F34D39}.AppStore|iPhone.Build.0 = Debug|Any CPU
		{D0E3D5D9-6CE0-4878-998E-600B27F34D39}.AppStore|iPhoneSimulator.ActiveCfg = Debug|Any CPU
		{D0E3D5D9-6CE0-4878-998E-600B27F34D39}.AppStore|iPhoneSimulator.Build.0 = Debug|Any CPU
		{D0E3D5D9-6CE0-4878-998E-600B27F34D39}.AppStore|x64.ActiveCfg = Debug|Any CPU
		{D0E3D5D9-6CE0-4878-998E-600B27F34D39}.AppStore|x64.Build.0 = Debug|Any CPU
		{D0E3D5D9-6CE0-4878-998E-600B27F34D39}.AppStore|x86.ActiveCfg = Debug|Any CPU
		{D0E3D5D9-6CE0-4878-998E-600B27F34D39}.AppStore|x86.Build.0 = Debug|Any CPU
		{D0E3D5D9-6CE0-4878-998E-600B27F34D39}.Debug|Any CPU.ActiveCfg = Debug|Any CPU
		{D0E3D5D9-6CE0-4878-998E-600B27F34D39}.Debug|Any CPU.Build.0 = Debug|Any CPU
		{D0E3D5D9-6CE0-4878-998E-600B27F34D39}.Debug|ARM.ActiveCfg = Debug|Any CPU
		{D0E3D5D9-6CE0-4878-998E-600B27F34D39}.Debug|ARM.Build.0 = Debug|Any CPU
		{D0E3D5D9-6CE0-4878-998E-600B27F34D39}.Debug|iPhone.ActiveCfg = Debug|Any CPU
		{D0E3D5D9-6CE0-4878-998E-600B27F34D39}.Debug|iPhone.Build.0 = Debug|Any CPU
		{D0E3D5D9-6CE0-4878-998E-600B27F34D39}.Debug|iPhoneSimulator.ActiveCfg = Debug|Any CPU
		{D0E3D5D9-6CE0-4878-998E-600B27F34D39}.Debug|iPhoneSimulator.Build.0 = Debug|Any CPU
		{D0E3D5D9-6CE0-4878-998E-600B27F34D39}.Debug|x64.ActiveCfg = Debug|Any CPU
		{D0E3D5D9-6CE0-4878-998E-600B27F34D39}.Debug|x64.Build.0 = Debug|Any CPU
		{D0E3D5D9-6CE0-4878-998E-600B27F34D39}.Debug|x86.ActiveCfg = Debug|Any CPU
		{D0E3D5D9-6CE0-4878-998E-600B27F34D39}.Debug|x86.Build.0 = Debug|Any CPU
		{D0E3D5D9-6CE0-4878-998E-600B27F34D39}.Release|Any CPU.ActiveCfg = Release|Any CPU
		{D0E3D5D9-6CE0-4878-998E-600B27F34D39}.Release|Any CPU.Build.0 = Release|Any CPU
		{D0E3D5D9-6CE0-4878-998E-600B27F34D39}.Release|ARM.ActiveCfg = Release|Any CPU
		{D0E3D5D9-6CE0-4878-998E-600B27F34D39}.Release|ARM.Build.0 = Release|Any CPU
		{D0E3D5D9-6CE0-4878-998E-600B27F34D39}.Release|iPhone.ActiveCfg = Release|Any CPU
		{D0E3D5D9-6CE0-4878-998E-600B27F34D39}.Release|iPhone.Build.0 = Release|Any CPU
		{D0E3D5D9-6CE0-4878-998E-600B27F34D39}.Release|iPhoneSimulator.ActiveCfg = Release|Any CPU
		{D0E3D5D9-6CE0-4878-998E-600B27F34D39}.Release|iPhoneSimulator.Build.0 = Release|Any CPU
		{D0E3D5D9-6CE0-4878-998E-600B27F34D39}.Release|x64.ActiveCfg = Release|Any CPU
		{D0E3D5D9-6CE0-4878-998E-600B27F34D39}.Release|x64.Build.0 = Release|Any CPU
		{D0E3D5D9-6CE0-4878-998E-600B27F34D39}.Release|x86.ActiveCfg = Release|Any CPU
		{D0E3D5D9-6CE0-4878-998E-600B27F34D39}.Release|x86.Build.0 = Release|Any CPU
		{BA57AD1D-3645-4017-AEDC-65D3B0F346A6}.Ad-Hoc|Any CPU.ActiveCfg = Debug|Any CPU
		{BA57AD1D-3645-4017-AEDC-65D3B0F346A6}.Ad-Hoc|Any CPU.Build.0 = Debug|Any CPU
		{BA57AD1D-3645-4017-AEDC-65D3B0F346A6}.Ad-Hoc|ARM.ActiveCfg = Debug|Any CPU
		{BA57AD1D-3645-4017-AEDC-65D3B0F346A6}.Ad-Hoc|ARM.Build.0 = Debug|Any CPU
		{BA57AD1D-3645-4017-AEDC-65D3B0F346A6}.Ad-Hoc|iPhone.ActiveCfg = Debug|Any CPU
		{BA57AD1D-3645-4017-AEDC-65D3B0F346A6}.Ad-Hoc|iPhone.Build.0 = Debug|Any CPU
		{BA57AD1D-3645-4017-AEDC-65D3B0F346A6}.Ad-Hoc|iPhoneSimulator.ActiveCfg = Debug|Any CPU
		{BA57AD1D-3645-4017-AEDC-65D3B0F346A6}.Ad-Hoc|iPhoneSimulator.Build.0 = Debug|Any CPU
		{BA57AD1D-3645-4017-AEDC-65D3B0F346A6}.Ad-Hoc|x64.ActiveCfg = Debug|Any CPU
		{BA57AD1D-3645-4017-AEDC-65D3B0F346A6}.Ad-Hoc|x64.Build.0 = Debug|Any CPU
		{BA57AD1D-3645-4017-AEDC-65D3B0F346A6}.Ad-Hoc|x86.ActiveCfg = Debug|Any CPU
		{BA57AD1D-3645-4017-AEDC-65D3B0F346A6}.Ad-Hoc|x86.Build.0 = Debug|Any CPU
		{BA57AD1D-3645-4017-AEDC-65D3B0F346A6}.AppStore|Any CPU.ActiveCfg = Debug|Any CPU
		{BA57AD1D-3645-4017-AEDC-65D3B0F346A6}.AppStore|Any CPU.Build.0 = Debug|Any CPU
		{BA57AD1D-3645-4017-AEDC-65D3B0F346A6}.AppStore|ARM.ActiveCfg = Debug|Any CPU
		{BA57AD1D-3645-4017-AEDC-65D3B0F346A6}.AppStore|ARM.Build.0 = Debug|Any CPU
		{BA57AD1D-3645-4017-AEDC-65D3B0F346A6}.AppStore|iPhone.ActiveCfg = Debug|Any CPU
		{BA57AD1D-3645-4017-AEDC-65D3B0F346A6}.AppStore|iPhone.Build.0 = Debug|Any CPU
		{BA57AD1D-3645-4017-AEDC-65D3B0F346A6}.AppStore|iPhoneSimulator.ActiveCfg = Debug|Any CPU
		{BA57AD1D-3645-4017-AEDC-65D3B0F346A6}.AppStore|iPhoneSimulator.Build.0 = Debug|Any CPU
		{BA57AD1D-3645-4017-AEDC-65D3B0F346A6}.AppStore|x64.ActiveCfg = Debug|Any CPU
		{BA57AD1D-3645-4017-AEDC-65D3B0F346A6}.AppStore|x64.Build.0 = Debug|Any CPU
		{BA57AD1D-3645-4017-AEDC-65D3B0F346A6}.AppStore|x86.ActiveCfg = Debug|Any CPU
		{BA57AD1D-3645-4017-AEDC-65D3B0F346A6}.AppStore|x86.Build.0 = Debug|Any CPU
		{BA57AD1D-3645-4017-AEDC-65D3B0F346A6}.Debug|Any CPU.ActiveCfg = Debug|Any CPU
		{BA57AD1D-3645-4017-AEDC-65D3B0F346A6}.Debug|Any CPU.Build.0 = Debug|Any CPU
		{BA57AD1D-3645-4017-AEDC-65D3B0F346A6}.Debug|ARM.ActiveCfg = Debug|Any CPU
		{BA57AD1D-3645-4017-AEDC-65D3B0F346A6}.Debug|ARM.Build.0 = Debug|Any CPU
		{BA57AD1D-3645-4017-AEDC-65D3B0F346A6}.Debug|iPhone.ActiveCfg = Debug|Any CPU
		{BA57AD1D-3645-4017-AEDC-65D3B0F346A6}.Debug|iPhone.Build.0 = Debug|Any CPU
		{BA57AD1D-3645-4017-AEDC-65D3B0F346A6}.Debug|iPhoneSimulator.ActiveCfg = Debug|Any CPU
		{BA57AD1D-3645-4017-AEDC-65D3B0F346A6}.Debug|iPhoneSimulator.Build.0 = Debug|Any CPU
		{BA57AD1D-3645-4017-AEDC-65D3B0F346A6}.Debug|x64.ActiveCfg = Debug|Any CPU
		{BA57AD1D-3645-4017-AEDC-65D3B0F346A6}.Debug|x64.Build.0 = Debug|Any CPU
		{BA57AD1D-3645-4017-AEDC-65D3B0F346A6}.Debug|x86.ActiveCfg = Debug|Any CPU
		{BA57AD1D-3645-4017-AEDC-65D3B0F346A6}.Debug|x86.Build.0 = Debug|Any CPU
		{BA57AD1D-3645-4017-AEDC-65D3B0F346A6}.Release|Any CPU.ActiveCfg = Release|Any CPU
		{BA57AD1D-3645-4017-AEDC-65D3B0F346A6}.Release|Any CPU.Build.0 = Release|Any CPU
		{BA57AD1D-3645-4017-AEDC-65D3B0F346A6}.Release|ARM.ActiveCfg = Release|Any CPU
		{BA57AD1D-3645-4017-AEDC-65D3B0F346A6}.Release|ARM.Build.0 = Release|Any CPU
		{BA57AD1D-3645-4017-AEDC-65D3B0F346A6}.Release|iPhone.ActiveCfg = Release|Any CPU
		{BA57AD1D-3645-4017-AEDC-65D3B0F346A6}.Release|iPhone.Build.0 = Release|Any CPU
		{BA57AD1D-3645-4017-AEDC-65D3B0F346A6}.Release|iPhoneSimulator.ActiveCfg = Release|Any CPU
		{BA57AD1D-3645-4017-AEDC-65D3B0F346A6}.Release|iPhoneSimulator.Build.0 = Release|Any CPU
		{BA57AD1D-3645-4017-AEDC-65D3B0F346A6}.Release|x64.ActiveCfg = Release|Any CPU
		{BA57AD1D-3645-4017-AEDC-65D3B0F346A6}.Release|x64.Build.0 = Release|Any CPU
		{BA57AD1D-3645-4017-AEDC-65D3B0F346A6}.Release|x86.ActiveCfg = Release|Any CPU
		{BA57AD1D-3645-4017-AEDC-65D3B0F346A6}.Release|x86.Build.0 = Release|Any CPU
		{BCAD3A40-E518-4808-9569-2C2A5E33287B}.Ad-Hoc|Any CPU.ActiveCfg = Release|Any CPU
		{BCAD3A40-E518-4808-9569-2C2A5E33287B}.Ad-Hoc|Any CPU.Build.0 = Release|Any CPU
		{BCAD3A40-E518-4808-9569-2C2A5E33287B}.Ad-Hoc|ARM.ActiveCfg = Release|Any CPU
		{BCAD3A40-E518-4808-9569-2C2A5E33287B}.Ad-Hoc|ARM.Build.0 = Release|Any CPU
		{BCAD3A40-E518-4808-9569-2C2A5E33287B}.Ad-Hoc|iPhone.ActiveCfg = Release|Any CPU
		{BCAD3A40-E518-4808-9569-2C2A5E33287B}.Ad-Hoc|iPhone.Build.0 = Release|Any CPU
		{BCAD3A40-E518-4808-9569-2C2A5E33287B}.Ad-Hoc|iPhoneSimulator.ActiveCfg = Release|Any CPU
		{BCAD3A40-E518-4808-9569-2C2A5E33287B}.Ad-Hoc|iPhoneSimulator.Build.0 = Release|Any CPU
		{BCAD3A40-E518-4808-9569-2C2A5E33287B}.Ad-Hoc|x64.ActiveCfg = Release|Any CPU
		{BCAD3A40-E518-4808-9569-2C2A5E33287B}.Ad-Hoc|x64.Build.0 = Release|Any CPU
		{BCAD3A40-E518-4808-9569-2C2A5E33287B}.Ad-Hoc|x86.ActiveCfg = Release|Any CPU
		{BCAD3A40-E518-4808-9569-2C2A5E33287B}.Ad-Hoc|x86.Build.0 = Release|Any CPU
		{BCAD3A40-E518-4808-9569-2C2A5E33287B}.AppStore|Any CPU.ActiveCfg = Release|Any CPU
		{BCAD3A40-E518-4808-9569-2C2A5E33287B}.AppStore|Any CPU.Build.0 = Release|Any CPU
		{BCAD3A40-E518-4808-9569-2C2A5E33287B}.AppStore|ARM.ActiveCfg = Release|Any CPU
		{BCAD3A40-E518-4808-9569-2C2A5E33287B}.AppStore|ARM.Build.0 = Release|Any CPU
		{BCAD3A40-E518-4808-9569-2C2A5E33287B}.AppStore|iPhone.ActiveCfg = Release|Any CPU
		{BCAD3A40-E518-4808-9569-2C2A5E33287B}.AppStore|iPhone.Build.0 = Release|Any CPU
		{BCAD3A40-E518-4808-9569-2C2A5E33287B}.AppStore|iPhoneSimulator.ActiveCfg = Release|Any CPU
		{BCAD3A40-E518-4808-9569-2C2A5E33287B}.AppStore|iPhoneSimulator.Build.0 = Release|Any CPU
		{BCAD3A40-E518-4808-9569-2C2A5E33287B}.AppStore|x64.ActiveCfg = Release|Any CPU
		{BCAD3A40-E518-4808-9569-2C2A5E33287B}.AppStore|x64.Build.0 = Release|Any CPU
		{BCAD3A40-E518-4808-9569-2C2A5E33287B}.AppStore|x86.ActiveCfg = Release|Any CPU
		{BCAD3A40-E518-4808-9569-2C2A5E33287B}.AppStore|x86.Build.0 = Release|Any CPU
		{BCAD3A40-E518-4808-9569-2C2A5E33287B}.Debug|Any CPU.ActiveCfg = Debug|Any CPU
		{BCAD3A40-E518-4808-9569-2C2A5E33287B}.Debug|Any CPU.Build.0 = Debug|Any CPU
		{BCAD3A40-E518-4808-9569-2C2A5E33287B}.Debug|ARM.ActiveCfg = Debug|Any CPU
		{BCAD3A40-E518-4808-9569-2C2A5E33287B}.Debug|ARM.Build.0 = Debug|Any CPU
		{BCAD3A40-E518-4808-9569-2C2A5E33287B}.Debug|iPhone.ActiveCfg = Debug|Any CPU
		{BCAD3A40-E518-4808-9569-2C2A5E33287B}.Debug|iPhone.Build.0 = Debug|Any CPU
		{BCAD3A40-E518-4808-9569-2C2A5E33287B}.Debug|iPhoneSimulator.ActiveCfg = Debug|Any CPU
		{BCAD3A40-E518-4808-9569-2C2A5E33287B}.Debug|iPhoneSimulator.Build.0 = Debug|Any CPU
		{BCAD3A40-E518-4808-9569-2C2A5E33287B}.Debug|x64.ActiveCfg = Debug|Any CPU
		{BCAD3A40-E518-4808-9569-2C2A5E33287B}.Debug|x64.Build.0 = Debug|Any CPU
		{BCAD3A40-E518-4808-9569-2C2A5E33287B}.Debug|x86.ActiveCfg = Debug|Any CPU
		{BCAD3A40-E518-4808-9569-2C2A5E33287B}.Debug|x86.Build.0 = Debug|Any CPU
		{BCAD3A40-E518-4808-9569-2C2A5E33287B}.Release|Any CPU.ActiveCfg = Release|Any CPU
		{BCAD3A40-E518-4808-9569-2C2A5E33287B}.Release|Any CPU.Build.0 = Release|Any CPU
		{BCAD3A40-E518-4808-9569-2C2A5E33287B}.Release|ARM.ActiveCfg = Release|Any CPU
		{BCAD3A40-E518-4808-9569-2C2A5E33287B}.Release|ARM.Build.0 = Release|Any CPU
		{BCAD3A40-E518-4808-9569-2C2A5E33287B}.Release|iPhone.ActiveCfg = Release|Any CPU
		{BCAD3A40-E518-4808-9569-2C2A5E33287B}.Release|iPhone.Build.0 = Release|Any CPU
		{BCAD3A40-E518-4808-9569-2C2A5E33287B}.Release|iPhoneSimulator.ActiveCfg = Release|Any CPU
		{BCAD3A40-E518-4808-9569-2C2A5E33287B}.Release|iPhoneSimulator.Build.0 = Release|Any CPU
		{BCAD3A40-E518-4808-9569-2C2A5E33287B}.Release|x64.ActiveCfg = Release|Any CPU
		{BCAD3A40-E518-4808-9569-2C2A5E33287B}.Release|x64.Build.0 = Release|Any CPU
		{BCAD3A40-E518-4808-9569-2C2A5E33287B}.Release|x86.ActiveCfg = Release|Any CPU
		{BCAD3A40-E518-4808-9569-2C2A5E33287B}.Release|x86.Build.0 = Release|Any CPU
		{30AB6758-2338-4312-8BD6-6EC3F4158189}.Ad-Hoc|Any CPU.ActiveCfg = Release|Any CPU
		{30AB6758-2338-4312-8BD6-6EC3F4158189}.Ad-Hoc|Any CPU.Build.0 = Release|Any CPU
		{30AB6758-2338-4312-8BD6-6EC3F4158189}.Ad-Hoc|ARM.ActiveCfg = Release|Any CPU
		{30AB6758-2338-4312-8BD6-6EC3F4158189}.Ad-Hoc|ARM.Build.0 = Release|Any CPU
		{30AB6758-2338-4312-8BD6-6EC3F4158189}.Ad-Hoc|iPhone.ActiveCfg = Release|Any CPU
		{30AB6758-2338-4312-8BD6-6EC3F4158189}.Ad-Hoc|iPhone.Build.0 = Release|Any CPU
		{30AB6758-2338-4312-8BD6-6EC3F4158189}.Ad-Hoc|iPhoneSimulator.ActiveCfg = Release|Any CPU
		{30AB6758-2338-4312-8BD6-6EC3F4158189}.Ad-Hoc|iPhoneSimulator.Build.0 = Release|Any CPU
		{30AB6758-2338-4312-8BD6-6EC3F4158189}.Ad-Hoc|x64.ActiveCfg = Release|Any CPU
		{30AB6758-2338-4312-8BD6-6EC3F4158189}.Ad-Hoc|x64.Build.0 = Release|Any CPU
		{30AB6758-2338-4312-8BD6-6EC3F4158189}.Ad-Hoc|x86.ActiveCfg = Release|Any CPU
		{30AB6758-2338-4312-8BD6-6EC3F4158189}.Ad-Hoc|x86.Build.0 = Release|Any CPU
		{30AB6758-2338-4312-8BD6-6EC3F4158189}.AppStore|Any CPU.ActiveCfg = Release|Any CPU
		{30AB6758-2338-4312-8BD6-6EC3F4158189}.AppStore|Any CPU.Build.0 = Release|Any CPU
		{30AB6758-2338-4312-8BD6-6EC3F4158189}.AppStore|ARM.ActiveCfg = Release|Any CPU
		{30AB6758-2338-4312-8BD6-6EC3F4158189}.AppStore|ARM.Build.0 = Release|Any CPU
		{30AB6758-2338-4312-8BD6-6EC3F4158189}.AppStore|iPhone.ActiveCfg = Release|Any CPU
		{30AB6758-2338-4312-8BD6-6EC3F4158189}.AppStore|iPhone.Build.0 = Release|Any CPU
		{30AB6758-2338-4312-8BD6-6EC3F4158189}.AppStore|iPhoneSimulator.ActiveCfg = Release|Any CPU
		{30AB6758-2338-4312-8BD6-6EC3F4158189}.AppStore|iPhoneSimulator.Build.0 = Release|Any CPU
		{30AB6758-2338-4312-8BD6-6EC3F4158189}.AppStore|x64.ActiveCfg = Release|Any CPU
		{30AB6758-2338-4312-8BD6-6EC3F4158189}.AppStore|x64.Build.0 = Release|Any CPU
		{30AB6758-2338-4312-8BD6-6EC3F4158189}.AppStore|x86.ActiveCfg = Release|Any CPU
		{30AB6758-2338-4312-8BD6-6EC3F4158189}.AppStore|x86.Build.0 = Release|Any CPU
		{30AB6758-2338-4312-8BD6-6EC3F4158189}.Debug|Any CPU.ActiveCfg = Debug|Any CPU
		{30AB6758-2338-4312-8BD6-6EC3F4158189}.Debug|Any CPU.Build.0 = Debug|Any CPU
		{30AB6758-2338-4312-8BD6-6EC3F4158189}.Debug|ARM.ActiveCfg = Debug|Any CPU
		{30AB6758-2338-4312-8BD6-6EC3F4158189}.Debug|ARM.Build.0 = Debug|Any CPU
		{30AB6758-2338-4312-8BD6-6EC3F4158189}.Debug|iPhone.ActiveCfg = Debug|Any CPU
		{30AB6758-2338-4312-8BD6-6EC3F4158189}.Debug|iPhone.Build.0 = Debug|Any CPU
		{30AB6758-2338-4312-8BD6-6EC3F4158189}.Debug|iPhoneSimulator.ActiveCfg = Debug|Any CPU
		{30AB6758-2338-4312-8BD6-6EC3F4158189}.Debug|iPhoneSimulator.Build.0 = Debug|Any CPU
		{30AB6758-2338-4312-8BD6-6EC3F4158189}.Debug|x64.ActiveCfg = Debug|Any CPU
		{30AB6758-2338-4312-8BD6-6EC3F4158189}.Debug|x64.Build.0 = Debug|Any CPU
		{30AB6758-2338-4312-8BD6-6EC3F4158189}.Debug|x86.ActiveCfg = Debug|Any CPU
		{30AB6758-2338-4312-8BD6-6EC3F4158189}.Debug|x86.Build.0 = Debug|Any CPU
		{30AB6758-2338-4312-8BD6-6EC3F4158189}.Release|Any CPU.ActiveCfg = Release|Any CPU
		{30AB6758-2338-4312-8BD6-6EC3F4158189}.Release|Any CPU.Build.0 = Release|Any CPU
		{30AB6758-2338-4312-8BD6-6EC3F4158189}.Release|ARM.ActiveCfg = Release|Any CPU
		{30AB6758-2338-4312-8BD6-6EC3F4158189}.Release|ARM.Build.0 = Release|Any CPU
		{30AB6758-2338-4312-8BD6-6EC3F4158189}.Release|iPhone.ActiveCfg = Release|Any CPU
		{30AB6758-2338-4312-8BD6-6EC3F4158189}.Release|iPhone.Build.0 = Release|Any CPU
		{30AB6758-2338-4312-8BD6-6EC3F4158189}.Release|iPhoneSimulator.ActiveCfg = Release|Any CPU
		{30AB6758-2338-4312-8BD6-6EC3F4158189}.Release|iPhoneSimulator.Build.0 = Release|Any CPU
		{30AB6758-2338-4312-8BD6-6EC3F4158189}.Release|x64.ActiveCfg = Release|Any CPU
		{30AB6758-2338-4312-8BD6-6EC3F4158189}.Release|x64.Build.0 = Release|Any CPU
		{30AB6758-2338-4312-8BD6-6EC3F4158189}.Release|x86.ActiveCfg = Release|Any CPU
		{30AB6758-2338-4312-8BD6-6EC3F4158189}.Release|x86.Build.0 = Release|Any CPU
		{6F91FF6A-3831-458D-BA4B-A88A7E9086FB}.Ad-Hoc|Any CPU.ActiveCfg = Release|Any CPU
		{6F91FF6A-3831-458D-BA4B-A88A7E9086FB}.Ad-Hoc|Any CPU.Build.0 = Release|Any CPU
		{6F91FF6A-3831-458D-BA4B-A88A7E9086FB}.Ad-Hoc|ARM.ActiveCfg = Release|ARM
		{6F91FF6A-3831-458D-BA4B-A88A7E9086FB}.Ad-Hoc|ARM.Build.0 = Release|ARM
		{6F91FF6A-3831-458D-BA4B-A88A7E9086FB}.Ad-Hoc|iPhone.ActiveCfg = Release|Any CPU
		{6F91FF6A-3831-458D-BA4B-A88A7E9086FB}.Ad-Hoc|iPhone.Build.0 = Release|Any CPU
		{6F91FF6A-3831-458D-BA4B-A88A7E9086FB}.Ad-Hoc|iPhoneSimulator.ActiveCfg = Release|Any CPU
		{6F91FF6A-3831-458D-BA4B-A88A7E9086FB}.Ad-Hoc|iPhoneSimulator.Build.0 = Release|Any CPU
		{6F91FF6A-3831-458D-BA4B-A88A7E9086FB}.Ad-Hoc|x64.ActiveCfg = Release|x64
		{6F91FF6A-3831-458D-BA4B-A88A7E9086FB}.Ad-Hoc|x64.Build.0 = Release|x64
		{6F91FF6A-3831-458D-BA4B-A88A7E9086FB}.Ad-Hoc|x86.ActiveCfg = Release|x86
		{6F91FF6A-3831-458D-BA4B-A88A7E9086FB}.Ad-Hoc|x86.Build.0 = Release|x86
		{6F91FF6A-3831-458D-BA4B-A88A7E9086FB}.AppStore|Any CPU.ActiveCfg = Release|Any CPU
		{6F91FF6A-3831-458D-BA4B-A88A7E9086FB}.AppStore|Any CPU.Build.0 = Release|Any CPU
		{6F91FF6A-3831-458D-BA4B-A88A7E9086FB}.AppStore|ARM.ActiveCfg = Release|ARM
		{6F91FF6A-3831-458D-BA4B-A88A7E9086FB}.AppStore|ARM.Build.0 = Release|ARM
		{6F91FF6A-3831-458D-BA4B-A88A7E9086FB}.AppStore|iPhone.ActiveCfg = Release|Any CPU
		{6F91FF6A-3831-458D-BA4B-A88A7E9086FB}.AppStore|iPhone.Build.0 = Release|Any CPU
		{6F91FF6A-3831-458D-BA4B-A88A7E9086FB}.AppStore|iPhoneSimulator.ActiveCfg = Release|Any CPU
		{6F91FF6A-3831-458D-BA4B-A88A7E9086FB}.AppStore|iPhoneSimulator.Build.0 = Release|Any CPU
		{6F91FF6A-3831-458D-BA4B-A88A7E9086FB}.AppStore|x64.ActiveCfg = Release|x64
		{6F91FF6A-3831-458D-BA4B-A88A7E9086FB}.AppStore|x64.Build.0 = Release|x64
		{6F91FF6A-3831-458D-BA4B-A88A7E9086FB}.AppStore|x86.ActiveCfg = Release|x86
		{6F91FF6A-3831-458D-BA4B-A88A7E9086FB}.AppStore|x86.Build.0 = Release|x86
		{6F91FF6A-3831-458D-BA4B-A88A7E9086FB}.Debug|Any CPU.ActiveCfg = Debug|Any CPU
		{6F91FF6A-3831-458D-BA4B-A88A7E9086FB}.Debug|Any CPU.Build.0 = Debug|Any CPU
		{6F91FF6A-3831-458D-BA4B-A88A7E9086FB}.Debug|ARM.ActiveCfg = Debug|ARM
		{6F91FF6A-3831-458D-BA4B-A88A7E9086FB}.Debug|ARM.Build.0 = Debug|ARM
		{6F91FF6A-3831-458D-BA4B-A88A7E9086FB}.Debug|iPhone.ActiveCfg = Debug|Any CPU
		{6F91FF6A-3831-458D-BA4B-A88A7E9086FB}.Debug|iPhone.Build.0 = Debug|Any CPU
		{6F91FF6A-3831-458D-BA4B-A88A7E9086FB}.Debug|iPhoneSimulator.ActiveCfg = Debug|Any CPU
		{6F91FF6A-3831-458D-BA4B-A88A7E9086FB}.Debug|iPhoneSimulator.Build.0 = Debug|Any CPU
		{6F91FF6A-3831-458D-BA4B-A88A7E9086FB}.Debug|x64.ActiveCfg = Debug|x64
		{6F91FF6A-3831-458D-BA4B-A88A7E9086FB}.Debug|x64.Build.0 = Debug|x64
		{6F91FF6A-3831-458D-BA4B-A88A7E9086FB}.Debug|x86.ActiveCfg = Debug|x86
		{6F91FF6A-3831-458D-BA4B-A88A7E9086FB}.Debug|x86.Build.0 = Debug|x86
		{6F91FF6A-3831-458D-BA4B-A88A7E9086FB}.Release|Any CPU.ActiveCfg = Release|Any CPU
		{6F91FF6A-3831-458D-BA4B-A88A7E9086FB}.Release|Any CPU.Build.0 = Release|Any CPU
		{6F91FF6A-3831-458D-BA4B-A88A7E9086FB}.Release|ARM.ActiveCfg = Release|ARM
		{6F91FF6A-3831-458D-BA4B-A88A7E9086FB}.Release|ARM.Build.0 = Release|ARM
		{6F91FF6A-3831-458D-BA4B-A88A7E9086FB}.Release|iPhone.ActiveCfg = Release|Any CPU
		{6F91FF6A-3831-458D-BA4B-A88A7E9086FB}.Release|iPhone.Build.0 = Release|Any CPU
		{6F91FF6A-3831-458D-BA4B-A88A7E9086FB}.Release|iPhoneSimulator.ActiveCfg = Release|Any CPU
		{6F91FF6A-3831-458D-BA4B-A88A7E9086FB}.Release|iPhoneSimulator.Build.0 = Release|Any CPU
		{6F91FF6A-3831-458D-BA4B-A88A7E9086FB}.Release|x64.ActiveCfg = Release|x64
		{6F91FF6A-3831-458D-BA4B-A88A7E9086FB}.Release|x64.Build.0 = Release|x64
		{6F91FF6A-3831-458D-BA4B-A88A7E9086FB}.Release|x86.ActiveCfg = Release|x86
		{6F91FF6A-3831-458D-BA4B-A88A7E9086FB}.Release|x86.Build.0 = Release|x86
		{1061C09F-6CAE-4B10-BC15-F029287EE4D0}.Ad-Hoc|Any CPU.ActiveCfg = Debug|Any CPU
		{1061C09F-6CAE-4B10-BC15-F029287EE4D0}.Ad-Hoc|Any CPU.Build.0 = Debug|Any CPU
		{1061C09F-6CAE-4B10-BC15-F029287EE4D0}.Ad-Hoc|ARM.ActiveCfg = Debug|Any CPU
		{1061C09F-6CAE-4B10-BC15-F029287EE4D0}.Ad-Hoc|ARM.Build.0 = Debug|Any CPU
		{1061C09F-6CAE-4B10-BC15-F029287EE4D0}.Ad-Hoc|iPhone.ActiveCfg = Debug|Any CPU
		{1061C09F-6CAE-4B10-BC15-F029287EE4D0}.Ad-Hoc|iPhone.Build.0 = Debug|Any CPU
		{1061C09F-6CAE-4B10-BC15-F029287EE4D0}.Ad-Hoc|iPhoneSimulator.ActiveCfg = Debug|Any CPU
		{1061C09F-6CAE-4B10-BC15-F029287EE4D0}.Ad-Hoc|iPhoneSimulator.Build.0 = Debug|Any CPU
		{1061C09F-6CAE-4B10-BC15-F029287EE4D0}.Ad-Hoc|x64.ActiveCfg = Debug|Any CPU
		{1061C09F-6CAE-4B10-BC15-F029287EE4D0}.Ad-Hoc|x64.Build.0 = Debug|Any CPU
		{1061C09F-6CAE-4B10-BC15-F029287EE4D0}.Ad-Hoc|x86.ActiveCfg = Debug|Any CPU
		{1061C09F-6CAE-4B10-BC15-F029287EE4D0}.Ad-Hoc|x86.Build.0 = Debug|Any CPU
		{1061C09F-6CAE-4B10-BC15-F029287EE4D0}.AppStore|Any CPU.ActiveCfg = Debug|Any CPU
		{1061C09F-6CAE-4B10-BC15-F029287EE4D0}.AppStore|Any CPU.Build.0 = Debug|Any CPU
		{1061C09F-6CAE-4B10-BC15-F029287EE4D0}.AppStore|ARM.ActiveCfg = Debug|Any CPU
		{1061C09F-6CAE-4B10-BC15-F029287EE4D0}.AppStore|ARM.Build.0 = Debug|Any CPU
		{1061C09F-6CAE-4B10-BC15-F029287EE4D0}.AppStore|iPhone.ActiveCfg = Debug|Any CPU
		{1061C09F-6CAE-4B10-BC15-F029287EE4D0}.AppStore|iPhone.Build.0 = Debug|Any CPU
		{1061C09F-6CAE-4B10-BC15-F029287EE4D0}.AppStore|iPhoneSimulator.ActiveCfg = Debug|Any CPU
		{1061C09F-6CAE-4B10-BC15-F029287EE4D0}.AppStore|iPhoneSimulator.Build.0 = Debug|Any CPU
		{1061C09F-6CAE-4B10-BC15-F029287EE4D0}.AppStore|x64.ActiveCfg = Debug|Any CPU
		{1061C09F-6CAE-4B10-BC15-F029287EE4D0}.AppStore|x64.Build.0 = Debug|Any CPU
		{1061C09F-6CAE-4B10-BC15-F029287EE4D0}.AppStore|x86.ActiveCfg = Debug|Any CPU
		{1061C09F-6CAE-4B10-BC15-F029287EE4D0}.AppStore|x86.Build.0 = Debug|Any CPU
		{1061C09F-6CAE-4B10-BC15-F029287EE4D0}.Debug|Any CPU.ActiveCfg = Debug|Any CPU
		{1061C09F-6CAE-4B10-BC15-F029287EE4D0}.Debug|Any CPU.Build.0 = Debug|Any CPU
		{1061C09F-6CAE-4B10-BC15-F029287EE4D0}.Debug|ARM.ActiveCfg = Debug|Any CPU
		{1061C09F-6CAE-4B10-BC15-F029287EE4D0}.Debug|ARM.Build.0 = Debug|Any CPU
		{1061C09F-6CAE-4B10-BC15-F029287EE4D0}.Debug|iPhone.ActiveCfg = Debug|Any CPU
		{1061C09F-6CAE-4B10-BC15-F029287EE4D0}.Debug|iPhone.Build.0 = Debug|Any CPU
		{1061C09F-6CAE-4B10-BC15-F029287EE4D0}.Debug|iPhoneSimulator.ActiveCfg = Debug|Any CPU
		{1061C09F-6CAE-4B10-BC15-F029287EE4D0}.Debug|iPhoneSimulator.Build.0 = Debug|Any CPU
		{1061C09F-6CAE-4B10-BC15-F029287EE4D0}.Debug|x64.ActiveCfg = Debug|Any CPU
		{1061C09F-6CAE-4B10-BC15-F029287EE4D0}.Debug|x64.Build.0 = Debug|Any CPU
		{1061C09F-6CAE-4B10-BC15-F029287EE4D0}.Debug|x86.ActiveCfg = Debug|Any CPU
		{1061C09F-6CAE-4B10-BC15-F029287EE4D0}.Debug|x86.Build.0 = Debug|Any CPU
		{1061C09F-6CAE-4B10-BC15-F029287EE4D0}.Release|Any CPU.ActiveCfg = Release|Any CPU
		{1061C09F-6CAE-4B10-BC15-F029287EE4D0}.Release|Any CPU.Build.0 = Release|Any CPU
		{1061C09F-6CAE-4B10-BC15-F029287EE4D0}.Release|ARM.ActiveCfg = Release|Any CPU
		{1061C09F-6CAE-4B10-BC15-F029287EE4D0}.Release|ARM.Build.0 = Release|Any CPU
		{1061C09F-6CAE-4B10-BC15-F029287EE4D0}.Release|iPhone.ActiveCfg = Release|Any CPU
		{1061C09F-6CAE-4B10-BC15-F029287EE4D0}.Release|iPhone.Build.0 = Release|Any CPU
		{1061C09F-6CAE-4B10-BC15-F029287EE4D0}.Release|iPhoneSimulator.ActiveCfg = Release|Any CPU
		{1061C09F-6CAE-4B10-BC15-F029287EE4D0}.Release|iPhoneSimulator.Build.0 = Release|Any CPU
		{1061C09F-6CAE-4B10-BC15-F029287EE4D0}.Release|x64.ActiveCfg = Release|Any CPU
		{1061C09F-6CAE-4B10-BC15-F029287EE4D0}.Release|x64.Build.0 = Release|Any CPU
		{1061C09F-6CAE-4B10-BC15-F029287EE4D0}.Release|x86.ActiveCfg = Release|Any CPU
		{1061C09F-6CAE-4B10-BC15-F029287EE4D0}.Release|x86.Build.0 = Release|Any CPU
		{16D42164-0C03-4741-8750-688FE7436730}.Ad-Hoc|Any CPU.ActiveCfg = Debug|Any CPU
		{16D42164-0C03-4741-8750-688FE7436730}.Ad-Hoc|Any CPU.Build.0 = Debug|Any CPU
		{16D42164-0C03-4741-8750-688FE7436730}.Ad-Hoc|ARM.ActiveCfg = Debug|Any CPU
		{16D42164-0C03-4741-8750-688FE7436730}.Ad-Hoc|ARM.Build.0 = Debug|Any CPU
		{16D42164-0C03-4741-8750-688FE7436730}.Ad-Hoc|iPhone.ActiveCfg = Debug|Any CPU
		{16D42164-0C03-4741-8750-688FE7436730}.Ad-Hoc|iPhone.Build.0 = Debug|Any CPU
		{16D42164-0C03-4741-8750-688FE7436730}.Ad-Hoc|iPhoneSimulator.ActiveCfg = Debug|Any CPU
		{16D42164-0C03-4741-8750-688FE7436730}.Ad-Hoc|iPhoneSimulator.Build.0 = Debug|Any CPU
		{16D42164-0C03-4741-8750-688FE7436730}.Ad-Hoc|x64.ActiveCfg = Debug|Any CPU
		{16D42164-0C03-4741-8750-688FE7436730}.Ad-Hoc|x64.Build.0 = Debug|Any CPU
		{16D42164-0C03-4741-8750-688FE7436730}.Ad-Hoc|x86.ActiveCfg = Debug|Any CPU
		{16D42164-0C03-4741-8750-688FE7436730}.Ad-Hoc|x86.Build.0 = Debug|Any CPU
		{16D42164-0C03-4741-8750-688FE7436730}.AppStore|Any CPU.ActiveCfg = Debug|Any CPU
		{16D42164-0C03-4741-8750-688FE7436730}.AppStore|Any CPU.Build.0 = Debug|Any CPU
		{16D42164-0C03-4741-8750-688FE7436730}.AppStore|ARM.ActiveCfg = Debug|Any CPU
		{16D42164-0C03-4741-8750-688FE7436730}.AppStore|ARM.Build.0 = Debug|Any CPU
		{16D42164-0C03-4741-8750-688FE7436730}.AppStore|iPhone.ActiveCfg = Debug|Any CPU
		{16D42164-0C03-4741-8750-688FE7436730}.AppStore|iPhone.Build.0 = Debug|Any CPU
		{16D42164-0C03-4741-8750-688FE7436730}.AppStore|iPhoneSimulator.ActiveCfg = Debug|Any CPU
		{16D42164-0C03-4741-8750-688FE7436730}.AppStore|iPhoneSimulator.Build.0 = Debug|Any CPU
		{16D42164-0C03-4741-8750-688FE7436730}.AppStore|x64.ActiveCfg = Debug|Any CPU
		{16D42164-0C03-4741-8750-688FE7436730}.AppStore|x64.Build.0 = Debug|Any CPU
		{16D42164-0C03-4741-8750-688FE7436730}.AppStore|x86.ActiveCfg = Debug|Any CPU
		{16D42164-0C03-4741-8750-688FE7436730}.AppStore|x86.Build.0 = Debug|Any CPU
		{16D42164-0C03-4741-8750-688FE7436730}.Debug|Any CPU.ActiveCfg = Debug|Any CPU
		{16D42164-0C03-4741-8750-688FE7436730}.Debug|Any CPU.Build.0 = Debug|Any CPU
		{16D42164-0C03-4741-8750-688FE7436730}.Debug|ARM.ActiveCfg = Debug|Any CPU
		{16D42164-0C03-4741-8750-688FE7436730}.Debug|ARM.Build.0 = Debug|Any CPU
		{16D42164-0C03-4741-8750-688FE7436730}.Debug|iPhone.ActiveCfg = Debug|Any CPU
		{16D42164-0C03-4741-8750-688FE7436730}.Debug|iPhone.Build.0 = Debug|Any CPU
		{16D42164-0C03-4741-8750-688FE7436730}.Debug|iPhoneSimulator.ActiveCfg = Debug|Any CPU
		{16D42164-0C03-4741-8750-688FE7436730}.Debug|iPhoneSimulator.Build.0 = Debug|Any CPU
		{16D42164-0C03-4741-8750-688FE7436730}.Debug|x64.ActiveCfg = Debug|Any CPU
		{16D42164-0C03-4741-8750-688FE7436730}.Debug|x64.Build.0 = Debug|Any CPU
		{16D42164-0C03-4741-8750-688FE7436730}.Debug|x86.ActiveCfg = Debug|Any CPU
		{16D42164-0C03-4741-8750-688FE7436730}.Debug|x86.Build.0 = Debug|Any CPU
		{16D42164-0C03-4741-8750-688FE7436730}.Release|Any CPU.ActiveCfg = Release|Any CPU
		{16D42164-0C03-4741-8750-688FE7436730}.Release|Any CPU.Build.0 = Release|Any CPU
		{16D42164-0C03-4741-8750-688FE7436730}.Release|ARM.ActiveCfg = Release|Any CPU
		{16D42164-0C03-4741-8750-688FE7436730}.Release|ARM.Build.0 = Release|Any CPU
		{16D42164-0C03-4741-8750-688FE7436730}.Release|iPhone.ActiveCfg = Release|Any CPU
		{16D42164-0C03-4741-8750-688FE7436730}.Release|iPhone.Build.0 = Release|Any CPU
		{16D42164-0C03-4741-8750-688FE7436730}.Release|iPhoneSimulator.ActiveCfg = Release|Any CPU
		{16D42164-0C03-4741-8750-688FE7436730}.Release|iPhoneSimulator.Build.0 = Release|Any CPU
		{16D42164-0C03-4741-8750-688FE7436730}.Release|x64.ActiveCfg = Release|Any CPU
		{16D42164-0C03-4741-8750-688FE7436730}.Release|x64.Build.0 = Release|Any CPU
		{16D42164-0C03-4741-8750-688FE7436730}.Release|x86.ActiveCfg = Release|Any CPU
		{16D42164-0C03-4741-8750-688FE7436730}.Release|x86.Build.0 = Release|Any CPU
		{A2FD65CC-63C5-4C37-A309-B6F2E4E3D823}.Ad-Hoc|Any CPU.ActiveCfg = Debug|Any CPU
		{A2FD65CC-63C5-4C37-A309-B6F2E4E3D823}.Ad-Hoc|Any CPU.Build.0 = Debug|Any CPU
		{A2FD65CC-63C5-4C37-A309-B6F2E4E3D823}.Ad-Hoc|ARM.ActiveCfg = Debug|Any CPU
		{A2FD65CC-63C5-4C37-A309-B6F2E4E3D823}.Ad-Hoc|ARM.Build.0 = Debug|Any CPU
		{A2FD65CC-63C5-4C37-A309-B6F2E4E3D823}.Ad-Hoc|iPhone.ActiveCfg = Debug|Any CPU
		{A2FD65CC-63C5-4C37-A309-B6F2E4E3D823}.Ad-Hoc|iPhone.Build.0 = Debug|Any CPU
		{A2FD65CC-63C5-4C37-A309-B6F2E4E3D823}.Ad-Hoc|iPhoneSimulator.ActiveCfg = Debug|Any CPU
		{A2FD65CC-63C5-4C37-A309-B6F2E4E3D823}.Ad-Hoc|iPhoneSimulator.Build.0 = Debug|Any CPU
		{A2FD65CC-63C5-4C37-A309-B6F2E4E3D823}.Ad-Hoc|x64.ActiveCfg = Debug|Any CPU
		{A2FD65CC-63C5-4C37-A309-B6F2E4E3D823}.Ad-Hoc|x64.Build.0 = Debug|Any CPU
		{A2FD65CC-63C5-4C37-A309-B6F2E4E3D823}.Ad-Hoc|x86.ActiveCfg = Debug|Any CPU
		{A2FD65CC-63C5-4C37-A309-B6F2E4E3D823}.Ad-Hoc|x86.Build.0 = Debug|Any CPU
		{A2FD65CC-63C5-4C37-A309-B6F2E4E3D823}.AppStore|Any CPU.ActiveCfg = Debug|Any CPU
		{A2FD65CC-63C5-4C37-A309-B6F2E4E3D823}.AppStore|Any CPU.Build.0 = Debug|Any CPU
		{A2FD65CC-63C5-4C37-A309-B6F2E4E3D823}.AppStore|ARM.ActiveCfg = Debug|Any CPU
		{A2FD65CC-63C5-4C37-A309-B6F2E4E3D823}.AppStore|ARM.Build.0 = Debug|Any CPU
		{A2FD65CC-63C5-4C37-A309-B6F2E4E3D823}.AppStore|iPhone.ActiveCfg = Debug|Any CPU
		{A2FD65CC-63C5-4C37-A309-B6F2E4E3D823}.AppStore|iPhone.Build.0 = Debug|Any CPU
		{A2FD65CC-63C5-4C37-A309-B6F2E4E3D823}.AppStore|iPhoneSimulator.ActiveCfg = Debug|Any CPU
		{A2FD65CC-63C5-4C37-A309-B6F2E4E3D823}.AppStore|iPhoneSimulator.Build.0 = Debug|Any CPU
		{A2FD65CC-63C5-4C37-A309-B6F2E4E3D823}.AppStore|x64.ActiveCfg = Debug|Any CPU
		{A2FD65CC-63C5-4C37-A309-B6F2E4E3D823}.AppStore|x64.Build.0 = Debug|Any CPU
		{A2FD65CC-63C5-4C37-A309-B6F2E4E3D823}.AppStore|x86.ActiveCfg = Debug|Any CPU
		{A2FD65CC-63C5-4C37-A309-B6F2E4E3D823}.AppStore|x86.Build.0 = Debug|Any CPU
		{A2FD65CC-63C5-4C37-A309-B6F2E4E3D823}.Debug|Any CPU.ActiveCfg = Debug|Any CPU
		{A2FD65CC-63C5-4C37-A309-B6F2E4E3D823}.Debug|Any CPU.Build.0 = Debug|Any CPU
		{A2FD65CC-63C5-4C37-A309-B6F2E4E3D823}.Debug|ARM.ActiveCfg = Debug|Any CPU
		{A2FD65CC-63C5-4C37-A309-B6F2E4E3D823}.Debug|ARM.Build.0 = Debug|Any CPU
		{A2FD65CC-63C5-4C37-A309-B6F2E4E3D823}.Debug|iPhone.ActiveCfg = Debug|Any CPU
		{A2FD65CC-63C5-4C37-A309-B6F2E4E3D823}.Debug|iPhone.Build.0 = Debug|Any CPU
		{A2FD65CC-63C5-4C37-A309-B6F2E4E3D823}.Debug|iPhoneSimulator.ActiveCfg = Debug|Any CPU
		{A2FD65CC-63C5-4C37-A309-B6F2E4E3D823}.Debug|iPhoneSimulator.Build.0 = Debug|Any CPU
		{A2FD65CC-63C5-4C37-A309-B6F2E4E3D823}.Debug|x64.ActiveCfg = Debug|Any CPU
		{A2FD65CC-63C5-4C37-A309-B6F2E4E3D823}.Debug|x64.Build.0 = Debug|Any CPU
		{A2FD65CC-63C5-4C37-A309-B6F2E4E3D823}.Debug|x86.ActiveCfg = Debug|Any CPU
		{A2FD65CC-63C5-4C37-A309-B6F2E4E3D823}.Debug|x86.Build.0 = Debug|Any CPU
		{A2FD65CC-63C5-4C37-A309-B6F2E4E3D823}.Release|Any CPU.ActiveCfg = Release|Any CPU
		{A2FD65CC-63C5-4C37-A309-B6F2E4E3D823}.Release|Any CPU.Build.0 = Release|Any CPU
		{A2FD65CC-63C5-4C37-A309-B6F2E4E3D823}.Release|ARM.ActiveCfg = Release|Any CPU
		{A2FD65CC-63C5-4C37-A309-B6F2E4E3D823}.Release|ARM.Build.0 = Release|Any CPU
		{A2FD65CC-63C5-4C37-A309-B6F2E4E3D823}.Release|iPhone.ActiveCfg = Release|Any CPU
		{A2FD65CC-63C5-4C37-A309-B6F2E4E3D823}.Release|iPhone.Build.0 = Release|Any CPU
		{A2FD65CC-63C5-4C37-A309-B6F2E4E3D823}.Release|iPhoneSimulator.ActiveCfg = Release|Any CPU
		{A2FD65CC-63C5-4C37-A309-B6F2E4E3D823}.Release|iPhoneSimulator.Build.0 = Release|Any CPU
		{A2FD65CC-63C5-4C37-A309-B6F2E4E3D823}.Release|x64.ActiveCfg = Release|Any CPU
		{A2FD65CC-63C5-4C37-A309-B6F2E4E3D823}.Release|x64.Build.0 = Release|Any CPU
		{A2FD65CC-63C5-4C37-A309-B6F2E4E3D823}.Release|x86.ActiveCfg = Release|Any CPU
		{A2FD65CC-63C5-4C37-A309-B6F2E4E3D823}.Release|x86.Build.0 = Release|Any CPU
		{F53FA71D-97DF-46DC-B8E1-865B22D65437}.Ad-Hoc|Any CPU.ActiveCfg = Release|Any CPU
		{F53FA71D-97DF-46DC-B8E1-865B22D65437}.Ad-Hoc|Any CPU.Build.0 = Release|Any CPU
		{F53FA71D-97DF-46DC-B8E1-865B22D65437}.Ad-Hoc|ARM.ActiveCfg = Release|Any CPU
		{F53FA71D-97DF-46DC-B8E1-865B22D65437}.Ad-Hoc|ARM.Build.0 = Release|Any CPU
		{F53FA71D-97DF-46DC-B8E1-865B22D65437}.Ad-Hoc|iPhone.ActiveCfg = Release|Any CPU
		{F53FA71D-97DF-46DC-B8E1-865B22D65437}.Ad-Hoc|iPhone.Build.0 = Release|Any CPU
		{F53FA71D-97DF-46DC-B8E1-865B22D65437}.Ad-Hoc|iPhoneSimulator.ActiveCfg = Release|Any CPU
		{F53FA71D-97DF-46DC-B8E1-865B22D65437}.Ad-Hoc|iPhoneSimulator.Build.0 = Release|Any CPU
		{F53FA71D-97DF-46DC-B8E1-865B22D65437}.Ad-Hoc|x64.ActiveCfg = Release|Any CPU
		{F53FA71D-97DF-46DC-B8E1-865B22D65437}.Ad-Hoc|x64.Build.0 = Release|Any CPU
		{F53FA71D-97DF-46DC-B8E1-865B22D65437}.Ad-Hoc|x86.ActiveCfg = Release|Any CPU
		{F53FA71D-97DF-46DC-B8E1-865B22D65437}.Ad-Hoc|x86.Build.0 = Release|Any CPU
		{F53FA71D-97DF-46DC-B8E1-865B22D65437}.AppStore|Any CPU.ActiveCfg = Release|Any CPU
		{F53FA71D-97DF-46DC-B8E1-865B22D65437}.AppStore|Any CPU.Build.0 = Release|Any CPU
		{F53FA71D-97DF-46DC-B8E1-865B22D65437}.AppStore|ARM.ActiveCfg = Release|Any CPU
		{F53FA71D-97DF-46DC-B8E1-865B22D65437}.AppStore|ARM.Build.0 = Release|Any CPU
		{F53FA71D-97DF-46DC-B8E1-865B22D65437}.AppStore|iPhone.ActiveCfg = Release|Any CPU
		{F53FA71D-97DF-46DC-B8E1-865B22D65437}.AppStore|iPhone.Build.0 = Release|Any CPU
		{F53FA71D-97DF-46DC-B8E1-865B22D65437}.AppStore|iPhoneSimulator.ActiveCfg = Release|Any CPU
		{F53FA71D-97DF-46DC-B8E1-865B22D65437}.AppStore|iPhoneSimulator.Build.0 = Release|Any CPU
		{F53FA71D-97DF-46DC-B8E1-865B22D65437}.AppStore|x64.ActiveCfg = Release|Any CPU
		{F53FA71D-97DF-46DC-B8E1-865B22D65437}.AppStore|x64.Build.0 = Release|Any CPU
		{F53FA71D-97DF-46DC-B8E1-865B22D65437}.AppStore|x86.ActiveCfg = Release|Any CPU
		{F53FA71D-97DF-46DC-B8E1-865B22D65437}.AppStore|x86.Build.0 = Release|Any CPU
		{F53FA71D-97DF-46DC-B8E1-865B22D65437}.Debug|Any CPU.ActiveCfg = Debug|Any CPU
		{F53FA71D-97DF-46DC-B8E1-865B22D65437}.Debug|Any CPU.Build.0 = Debug|Any CPU
		{F53FA71D-97DF-46DC-B8E1-865B22D65437}.Debug|ARM.ActiveCfg = Debug|Any CPU
		{F53FA71D-97DF-46DC-B8E1-865B22D65437}.Debug|ARM.Build.0 = Debug|Any CPU
		{F53FA71D-97DF-46DC-B8E1-865B22D65437}.Debug|iPhone.ActiveCfg = Debug|Any CPU
		{F53FA71D-97DF-46DC-B8E1-865B22D65437}.Debug|iPhone.Build.0 = Debug|Any CPU
		{F53FA71D-97DF-46DC-B8E1-865B22D65437}.Debug|iPhoneSimulator.ActiveCfg = Debug|Any CPU
		{F53FA71D-97DF-46DC-B8E1-865B22D65437}.Debug|iPhoneSimulator.Build.0 = Debug|Any CPU
		{F53FA71D-97DF-46DC-B8E1-865B22D65437}.Debug|x64.ActiveCfg = Debug|Any CPU
		{F53FA71D-97DF-46DC-B8E1-865B22D65437}.Debug|x64.Build.0 = Debug|Any CPU
		{F53FA71D-97DF-46DC-B8E1-865B22D65437}.Debug|x86.ActiveCfg = Debug|Any CPU
		{F53FA71D-97DF-46DC-B8E1-865B22D65437}.Debug|x86.Build.0 = Debug|Any CPU
		{F53FA71D-97DF-46DC-B8E1-865B22D65437}.Release|Any CPU.ActiveCfg = Release|Any CPU
		{F53FA71D-97DF-46DC-B8E1-865B22D65437}.Release|Any CPU.Build.0 = Release|Any CPU
		{F53FA71D-97DF-46DC-B8E1-865B22D65437}.Release|ARM.ActiveCfg = Release|Any CPU
		{F53FA71D-97DF-46DC-B8E1-865B22D65437}.Release|ARM.Build.0 = Release|Any CPU
		{F53FA71D-97DF-46DC-B8E1-865B22D65437}.Release|iPhone.ActiveCfg = Release|Any CPU
		{F53FA71D-97DF-46DC-B8E1-865B22D65437}.Release|iPhone.Build.0 = Release|Any CPU
		{F53FA71D-97DF-46DC-B8E1-865B22D65437}.Release|iPhoneSimulator.ActiveCfg = Release|Any CPU
		{F53FA71D-97DF-46DC-B8E1-865B22D65437}.Release|iPhoneSimulator.Build.0 = Release|Any CPU
		{F53FA71D-97DF-46DC-B8E1-865B22D65437}.Release|x64.ActiveCfg = Release|Any CPU
		{F53FA71D-97DF-46DC-B8E1-865B22D65437}.Release|x64.Build.0 = Release|Any CPU
		{F53FA71D-97DF-46DC-B8E1-865B22D65437}.Release|x86.ActiveCfg = Release|Any CPU
		{F53FA71D-97DF-46DC-B8E1-865B22D65437}.Release|x86.Build.0 = Release|Any CPU
		{8A73352A-558A-4B45-8CD3-BAC0A4D8524E}.Ad-Hoc|Any CPU.ActiveCfg = Release|Any CPU
		{8A73352A-558A-4B45-8CD3-BAC0A4D8524E}.Ad-Hoc|Any CPU.Build.0 = Release|Any CPU
		{8A73352A-558A-4B45-8CD3-BAC0A4D8524E}.Ad-Hoc|ARM.ActiveCfg = Release|Any CPU
		{8A73352A-558A-4B45-8CD3-BAC0A4D8524E}.Ad-Hoc|ARM.Build.0 = Release|Any CPU
		{8A73352A-558A-4B45-8CD3-BAC0A4D8524E}.Ad-Hoc|iPhone.ActiveCfg = Release|Any CPU
		{8A73352A-558A-4B45-8CD3-BAC0A4D8524E}.Ad-Hoc|iPhone.Build.0 = Release|Any CPU
		{8A73352A-558A-4B45-8CD3-BAC0A4D8524E}.Ad-Hoc|iPhoneSimulator.ActiveCfg = Release|Any CPU
		{8A73352A-558A-4B45-8CD3-BAC0A4D8524E}.Ad-Hoc|iPhoneSimulator.Build.0 = Release|Any CPU
		{8A73352A-558A-4B45-8CD3-BAC0A4D8524E}.Ad-Hoc|x64.ActiveCfg = Release|Any CPU
		{8A73352A-558A-4B45-8CD3-BAC0A4D8524E}.Ad-Hoc|x64.Build.0 = Release|Any CPU
		{8A73352A-558A-4B45-8CD3-BAC0A4D8524E}.Ad-Hoc|x86.ActiveCfg = Release|Any CPU
		{8A73352A-558A-4B45-8CD3-BAC0A4D8524E}.Ad-Hoc|x86.Build.0 = Release|Any CPU
		{8A73352A-558A-4B45-8CD3-BAC0A4D8524E}.AppStore|Any CPU.ActiveCfg = Release|Any CPU
		{8A73352A-558A-4B45-8CD3-BAC0A4D8524E}.AppStore|Any CPU.Build.0 = Release|Any CPU
		{8A73352A-558A-4B45-8CD3-BAC0A4D8524E}.AppStore|ARM.ActiveCfg = Release|Any CPU
		{8A73352A-558A-4B45-8CD3-BAC0A4D8524E}.AppStore|ARM.Build.0 = Release|Any CPU
		{8A73352A-558A-4B45-8CD3-BAC0A4D8524E}.AppStore|iPhone.ActiveCfg = Release|Any CPU
		{8A73352A-558A-4B45-8CD3-BAC0A4D8524E}.AppStore|iPhone.Build.0 = Release|Any CPU
		{8A73352A-558A-4B45-8CD3-BAC0A4D8524E}.AppStore|iPhoneSimulator.ActiveCfg = Release|Any CPU
		{8A73352A-558A-4B45-8CD3-BAC0A4D8524E}.AppStore|iPhoneSimulator.Build.0 = Release|Any CPU
		{8A73352A-558A-4B45-8CD3-BAC0A4D8524E}.AppStore|x64.ActiveCfg = Release|Any CPU
		{8A73352A-558A-4B45-8CD3-BAC0A4D8524E}.AppStore|x64.Build.0 = Release|Any CPU
		{8A73352A-558A-4B45-8CD3-BAC0A4D8524E}.AppStore|x86.ActiveCfg = Release|Any CPU
		{8A73352A-558A-4B45-8CD3-BAC0A4D8524E}.AppStore|x86.Build.0 = Release|Any CPU
		{8A73352A-558A-4B45-8CD3-BAC0A4D8524E}.Debug|Any CPU.ActiveCfg = Debug|Any CPU
		{8A73352A-558A-4B45-8CD3-BAC0A4D8524E}.Debug|Any CPU.Build.0 = Debug|Any CPU
		{8A73352A-558A-4B45-8CD3-BAC0A4D8524E}.Debug|ARM.ActiveCfg = Debug|Any CPU
		{8A73352A-558A-4B45-8CD3-BAC0A4D8524E}.Debug|ARM.Build.0 = Debug|Any CPU
		{8A73352A-558A-4B45-8CD3-BAC0A4D8524E}.Debug|iPhone.ActiveCfg = Debug|Any CPU
		{8A73352A-558A-4B45-8CD3-BAC0A4D8524E}.Debug|iPhone.Build.0 = Debug|Any CPU
		{8A73352A-558A-4B45-8CD3-BAC0A4D8524E}.Debug|iPhoneSimulator.ActiveCfg = Debug|Any CPU
		{8A73352A-558A-4B45-8CD3-BAC0A4D8524E}.Debug|iPhoneSimulator.Build.0 = Debug|Any CPU
		{8A73352A-558A-4B45-8CD3-BAC0A4D8524E}.Debug|x64.ActiveCfg = Debug|Any CPU
		{8A73352A-558A-4B45-8CD3-BAC0A4D8524E}.Debug|x64.Build.0 = Debug|Any CPU
		{8A73352A-558A-4B45-8CD3-BAC0A4D8524E}.Debug|x86.ActiveCfg = Debug|Any CPU
		{8A73352A-558A-4B45-8CD3-BAC0A4D8524E}.Debug|x86.Build.0 = Debug|Any CPU
		{8A73352A-558A-4B45-8CD3-BAC0A4D8524E}.Release|Any CPU.ActiveCfg = Release|Any CPU
		{8A73352A-558A-4B45-8CD3-BAC0A4D8524E}.Release|Any CPU.Build.0 = Release|Any CPU
		{8A73352A-558A-4B45-8CD3-BAC0A4D8524E}.Release|ARM.ActiveCfg = Release|Any CPU
		{8A73352A-558A-4B45-8CD3-BAC0A4D8524E}.Release|ARM.Build.0 = Release|Any CPU
		{8A73352A-558A-4B45-8CD3-BAC0A4D8524E}.Release|iPhone.ActiveCfg = Release|Any CPU
		{8A73352A-558A-4B45-8CD3-BAC0A4D8524E}.Release|iPhone.Build.0 = Release|Any CPU
		{8A73352A-558A-4B45-8CD3-BAC0A4D8524E}.Release|iPhoneSimulator.ActiveCfg = Release|Any CPU
		{8A73352A-558A-4B45-8CD3-BAC0A4D8524E}.Release|iPhoneSimulator.Build.0 = Release|Any CPU
		{8A73352A-558A-4B45-8CD3-BAC0A4D8524E}.Release|x64.ActiveCfg = Release|Any CPU
		{8A73352A-558A-4B45-8CD3-BAC0A4D8524E}.Release|x64.Build.0 = Release|Any CPU
		{8A73352A-558A-4B45-8CD3-BAC0A4D8524E}.Release|x86.ActiveCfg = Release|Any CPU
		{8A73352A-558A-4B45-8CD3-BAC0A4D8524E}.Release|x86.Build.0 = Release|Any CPU
		{2E86BF09-DE2F-4B0B-B63D-1670042A4F7A}.Ad-Hoc|Any CPU.ActiveCfg = Release|Any CPU
		{2E86BF09-DE2F-4B0B-B63D-1670042A4F7A}.Ad-Hoc|Any CPU.Build.0 = Release|Any CPU
		{2E86BF09-DE2F-4B0B-B63D-1670042A4F7A}.Ad-Hoc|ARM.ActiveCfg = Release|ARM
		{2E86BF09-DE2F-4B0B-B63D-1670042A4F7A}.Ad-Hoc|ARM.Build.0 = Release|ARM
		{2E86BF09-DE2F-4B0B-B63D-1670042A4F7A}.Ad-Hoc|iPhone.ActiveCfg = Release|Any CPU
		{2E86BF09-DE2F-4B0B-B63D-1670042A4F7A}.Ad-Hoc|iPhone.Build.0 = Release|Any CPU
		{2E86BF09-DE2F-4B0B-B63D-1670042A4F7A}.Ad-Hoc|iPhoneSimulator.ActiveCfg = Release|Any CPU
		{2E86BF09-DE2F-4B0B-B63D-1670042A4F7A}.Ad-Hoc|iPhoneSimulator.Build.0 = Release|Any CPU
		{2E86BF09-DE2F-4B0B-B63D-1670042A4F7A}.Ad-Hoc|x64.ActiveCfg = Release|x64
		{2E86BF09-DE2F-4B0B-B63D-1670042A4F7A}.Ad-Hoc|x64.Build.0 = Release|x64
		{2E86BF09-DE2F-4B0B-B63D-1670042A4F7A}.Ad-Hoc|x86.ActiveCfg = Release|x86
		{2E86BF09-DE2F-4B0B-B63D-1670042A4F7A}.Ad-Hoc|x86.Build.0 = Release|x86
		{2E86BF09-DE2F-4B0B-B63D-1670042A4F7A}.AppStore|Any CPU.ActiveCfg = Release|Any CPU
		{2E86BF09-DE2F-4B0B-B63D-1670042A4F7A}.AppStore|Any CPU.Build.0 = Release|Any CPU
		{2E86BF09-DE2F-4B0B-B63D-1670042A4F7A}.AppStore|ARM.ActiveCfg = Release|ARM
		{2E86BF09-DE2F-4B0B-B63D-1670042A4F7A}.AppStore|ARM.Build.0 = Release|ARM
		{2E86BF09-DE2F-4B0B-B63D-1670042A4F7A}.AppStore|iPhone.ActiveCfg = Release|Any CPU
		{2E86BF09-DE2F-4B0B-B63D-1670042A4F7A}.AppStore|iPhone.Build.0 = Release|Any CPU
		{2E86BF09-DE2F-4B0B-B63D-1670042A4F7A}.AppStore|iPhoneSimulator.ActiveCfg = Release|Any CPU
		{2E86BF09-DE2F-4B0B-B63D-1670042A4F7A}.AppStore|iPhoneSimulator.Build.0 = Release|Any CPU
		{2E86BF09-DE2F-4B0B-B63D-1670042A4F7A}.AppStore|x64.ActiveCfg = Release|x64
		{2E86BF09-DE2F-4B0B-B63D-1670042A4F7A}.AppStore|x64.Build.0 = Release|x64
		{2E86BF09-DE2F-4B0B-B63D-1670042A4F7A}.AppStore|x86.ActiveCfg = Release|x86
		{2E86BF09-DE2F-4B0B-B63D-1670042A4F7A}.AppStore|x86.Build.0 = Release|x86
		{2E86BF09-DE2F-4B0B-B63D-1670042A4F7A}.Debug|Any CPU.ActiveCfg = Debug|Any CPU
		{2E86BF09-DE2F-4B0B-B63D-1670042A4F7A}.Debug|Any CPU.Build.0 = Debug|Any CPU
		{2E86BF09-DE2F-4B0B-B63D-1670042A4F7A}.Debug|ARM.ActiveCfg = Debug|ARM
		{2E86BF09-DE2F-4B0B-B63D-1670042A4F7A}.Debug|ARM.Build.0 = Debug|ARM
		{2E86BF09-DE2F-4B0B-B63D-1670042A4F7A}.Debug|iPhone.ActiveCfg = Debug|Any CPU
		{2E86BF09-DE2F-4B0B-B63D-1670042A4F7A}.Debug|iPhone.Build.0 = Debug|Any CPU
		{2E86BF09-DE2F-4B0B-B63D-1670042A4F7A}.Debug|iPhoneSimulator.ActiveCfg = Debug|Any CPU
		{2E86BF09-DE2F-4B0B-B63D-1670042A4F7A}.Debug|iPhoneSimulator.Build.0 = Debug|Any CPU
		{2E86BF09-DE2F-4B0B-B63D-1670042A4F7A}.Debug|x64.ActiveCfg = Debug|x64
		{2E86BF09-DE2F-4B0B-B63D-1670042A4F7A}.Debug|x64.Build.0 = Debug|x64
		{2E86BF09-DE2F-4B0B-B63D-1670042A4F7A}.Debug|x86.ActiveCfg = Debug|x86
		{2E86BF09-DE2F-4B0B-B63D-1670042A4F7A}.Debug|x86.Build.0 = Debug|x86
		{2E86BF09-DE2F-4B0B-B63D-1670042A4F7A}.Release|Any CPU.ActiveCfg = Release|Any CPU
		{2E86BF09-DE2F-4B0B-B63D-1670042A4F7A}.Release|Any CPU.Build.0 = Release|Any CPU
		{2E86BF09-DE2F-4B0B-B63D-1670042A4F7A}.Release|ARM.ActiveCfg = Release|ARM
		{2E86BF09-DE2F-4B0B-B63D-1670042A4F7A}.Release|ARM.Build.0 = Release|ARM
		{2E86BF09-DE2F-4B0B-B63D-1670042A4F7A}.Release|iPhone.ActiveCfg = Release|Any CPU
		{2E86BF09-DE2F-4B0B-B63D-1670042A4F7A}.Release|iPhone.Build.0 = Release|Any CPU
		{2E86BF09-DE2F-4B0B-B63D-1670042A4F7A}.Release|iPhoneSimulator.ActiveCfg = Release|Any CPU
		{2E86BF09-DE2F-4B0B-B63D-1670042A4F7A}.Release|iPhoneSimulator.Build.0 = Release|Any CPU
		{2E86BF09-DE2F-4B0B-B63D-1670042A4F7A}.Release|x64.ActiveCfg = Release|x64
		{2E86BF09-DE2F-4B0B-B63D-1670042A4F7A}.Release|x64.Build.0 = Release|x64
		{2E86BF09-DE2F-4B0B-B63D-1670042A4F7A}.Release|x86.ActiveCfg = Release|x86
		{2E86BF09-DE2F-4B0B-B63D-1670042A4F7A}.Release|x86.Build.0 = Release|x86
		{F9242228-D574-4FF1-8D4F-714C84154102}.Ad-Hoc|Any CPU.ActiveCfg = Release|Any CPU
		{F9242228-D574-4FF1-8D4F-714C84154102}.Ad-Hoc|Any CPU.Build.0 = Release|Any CPU
		{F9242228-D574-4FF1-8D4F-714C84154102}.Ad-Hoc|ARM.ActiveCfg = Release|Any CPU
		{F9242228-D574-4FF1-8D4F-714C84154102}.Ad-Hoc|ARM.Build.0 = Release|Any CPU
		{F9242228-D574-4FF1-8D4F-714C84154102}.Ad-Hoc|iPhone.ActiveCfg = Release|Any CPU
		{F9242228-D574-4FF1-8D4F-714C84154102}.Ad-Hoc|iPhone.Build.0 = Release|Any CPU
		{F9242228-D574-4FF1-8D4F-714C84154102}.Ad-Hoc|iPhoneSimulator.ActiveCfg = Release|Any CPU
		{F9242228-D574-4FF1-8D4F-714C84154102}.Ad-Hoc|iPhoneSimulator.Build.0 = Release|Any CPU
		{F9242228-D574-4FF1-8D4F-714C84154102}.Ad-Hoc|x64.ActiveCfg = Release|Any CPU
		{F9242228-D574-4FF1-8D4F-714C84154102}.Ad-Hoc|x64.Build.0 = Release|Any CPU
		{F9242228-D574-4FF1-8D4F-714C84154102}.Ad-Hoc|x86.ActiveCfg = Release|Any CPU
		{F9242228-D574-4FF1-8D4F-714C84154102}.Ad-Hoc|x86.Build.0 = Release|Any CPU
		{F9242228-D574-4FF1-8D4F-714C84154102}.AppStore|Any CPU.ActiveCfg = Release|Any CPU
		{F9242228-D574-4FF1-8D4F-714C84154102}.AppStore|Any CPU.Build.0 = Release|Any CPU
		{F9242228-D574-4FF1-8D4F-714C84154102}.AppStore|ARM.ActiveCfg = Release|Any CPU
		{F9242228-D574-4FF1-8D4F-714C84154102}.AppStore|ARM.Build.0 = Release|Any CPU
		{F9242228-D574-4FF1-8D4F-714C84154102}.AppStore|iPhone.ActiveCfg = Release|Any CPU
		{F9242228-D574-4FF1-8D4F-714C84154102}.AppStore|iPhone.Build.0 = Release|Any CPU
		{F9242228-D574-4FF1-8D4F-714C84154102}.AppStore|iPhoneSimulator.ActiveCfg = Release|Any CPU
		{F9242228-D574-4FF1-8D4F-714C84154102}.AppStore|iPhoneSimulator.Build.0 = Release|Any CPU
		{F9242228-D574-4FF1-8D4F-714C84154102}.AppStore|x64.ActiveCfg = Release|Any CPU
		{F9242228-D574-4FF1-8D4F-714C84154102}.AppStore|x64.Build.0 = Release|Any CPU
		{F9242228-D574-4FF1-8D4F-714C84154102}.AppStore|x86.ActiveCfg = Release|Any CPU
		{F9242228-D574-4FF1-8D4F-714C84154102}.AppStore|x86.Build.0 = Release|Any CPU
		{F9242228-D574-4FF1-8D4F-714C84154102}.Debug|Any CPU.ActiveCfg = Debug|Any CPU
		{F9242228-D574-4FF1-8D4F-714C84154102}.Debug|Any CPU.Build.0 = Debug|Any CPU
		{F9242228-D574-4FF1-8D4F-714C84154102}.Debug|ARM.ActiveCfg = Debug|Any CPU
		{F9242228-D574-4FF1-8D4F-714C84154102}.Debug|ARM.Build.0 = Debug|Any CPU
		{F9242228-D574-4FF1-8D4F-714C84154102}.Debug|iPhone.ActiveCfg = Debug|Any CPU
		{F9242228-D574-4FF1-8D4F-714C84154102}.Debug|iPhone.Build.0 = Debug|Any CPU
		{F9242228-D574-4FF1-8D4F-714C84154102}.Debug|iPhoneSimulator.ActiveCfg = Debug|Any CPU
		{F9242228-D574-4FF1-8D4F-714C84154102}.Debug|iPhoneSimulator.Build.0 = Debug|Any CPU
		{F9242228-D574-4FF1-8D4F-714C84154102}.Debug|x64.ActiveCfg = Debug|Any CPU
		{F9242228-D574-4FF1-8D4F-714C84154102}.Debug|x64.Build.0 = Debug|Any CPU
		{F9242228-D574-4FF1-8D4F-714C84154102}.Debug|x86.ActiveCfg = Debug|Any CPU
		{F9242228-D574-4FF1-8D4F-714C84154102}.Debug|x86.Build.0 = Debug|Any CPU
		{F9242228-D574-4FF1-8D4F-714C84154102}.Release|Any CPU.ActiveCfg = Release|Any CPU
		{F9242228-D574-4FF1-8D4F-714C84154102}.Release|Any CPU.Build.0 = Release|Any CPU
		{F9242228-D574-4FF1-8D4F-714C84154102}.Release|ARM.ActiveCfg = Release|Any CPU
		{F9242228-D574-4FF1-8D4F-714C84154102}.Release|ARM.Build.0 = Release|Any CPU
		{F9242228-D574-4FF1-8D4F-714C84154102}.Release|iPhone.ActiveCfg = Release|Any CPU
		{F9242228-D574-4FF1-8D4F-714C84154102}.Release|iPhone.Build.0 = Release|Any CPU
		{F9242228-D574-4FF1-8D4F-714C84154102}.Release|iPhoneSimulator.ActiveCfg = Release|Any CPU
		{F9242228-D574-4FF1-8D4F-714C84154102}.Release|iPhoneSimulator.Build.0 = Release|Any CPU
		{F9242228-D574-4FF1-8D4F-714C84154102}.Release|x64.ActiveCfg = Release|Any CPU
		{F9242228-D574-4FF1-8D4F-714C84154102}.Release|x64.Build.0 = Release|Any CPU
		{F9242228-D574-4FF1-8D4F-714C84154102}.Release|x86.ActiveCfg = Release|Any CPU
		{F9242228-D574-4FF1-8D4F-714C84154102}.Release|x86.Build.0 = Release|Any CPU
	EndGlobalSection
	GlobalSection(SolutionProperties) = preSolution
		HideSolutionNode = FALSE
	EndGlobalSection
	GlobalSection(NestedProjects) = preSolution
		{151FEDEC-7CDE-4695-AAA0-704A0EA847FF} = {F266FEC5-73FB-4813-A581-BEFD7D07D03B}
		{BA57AD1D-3645-4017-AEDC-65D3B0F346A6} = {151FEDEC-7CDE-4695-AAA0-704A0EA847FF}
		{BCAD3A40-E518-4808-9569-2C2A5E33287B} = {151FEDEC-7CDE-4695-AAA0-704A0EA847FF}
		{30AB6758-2338-4312-8BD6-6EC3F4158189} = {151FEDEC-7CDE-4695-AAA0-704A0EA847FF}
		{6F91FF6A-3831-458D-BA4B-A88A7E9086FB} = {151FEDEC-7CDE-4695-AAA0-704A0EA847FF}
		{1061C09F-6CAE-4B10-BC15-F029287EE4D0} = {65E1AB2C-AC7A-4C56-9595-6C517449C470}
		{10B5E196-5514-49D6-BDD3-E8FED33141F5} = {F266FEC5-73FB-4813-A581-BEFD7D07D03B}
		{16D42164-0C03-4741-8750-688FE7436730} = {10B5E196-5514-49D6-BDD3-E8FED33141F5}
		{DDD007AD-BD52-457F-ADA2-7235D36408D9} = {F266FEC5-73FB-4813-A581-BEFD7D07D03B}
		{A2FD65CC-63C5-4C37-A309-B6F2E4E3D823} = {DDD007AD-BD52-457F-ADA2-7235D36408D9}
		{F53FA71D-97DF-46DC-B8E1-865B22D65437} = {DDD007AD-BD52-457F-ADA2-7235D36408D9}
		{8A73352A-558A-4B45-8CD3-BAC0A4D8524E} = {DDD007AD-BD52-457F-ADA2-7235D36408D9}
		{2E86BF09-DE2F-4B0B-B63D-1670042A4F7A} = {DDD007AD-BD52-457F-ADA2-7235D36408D9}
		{F9242228-D574-4FF1-8D4F-714C84154102} = {65E1AB2C-AC7A-4C56-9595-6C517449C470}
	EndGlobalSection
	GlobalSection(ExtensibilityGlobals) = postSolution
		SolutionGuid = {1E8A30AB-646E-4344-8152-5E6238D25DEB}
	EndGlobalSection
EndGlobal
